PODS:
  - Alamofire (3.1.0)
  - SWXMLHash (2.3.1)
  - UnrarKit (2.6):
    - UnrarKit/unrar-lib (= 2.6)
  - UnrarKit/unrar-lib (2.6)
  - WPZipArchive (0.0.1)

DEPENDENCIES:
  - Alamofire (= 3.1.0)
  - SWXMLHash
  - UnrarKit (~> 2.6)
  - WPZipArchive

SPEC CHECKSUMS:
  Alamofire: 415bd7f56197722978759078486689f7ef913dce
  SWXMLHash: 795c66e74f4cc9473ad6465c6653c5a6f59f417e
  UnrarKit: 062431740d7910ede1fc7455a58aac1649694c61
  WPZipArchive: 3a31c553e4c0d6225ae6661b20d189366d19c79f

COCOAPODS: 0.39.0
