PODS:
  - Alamofire (3.2.0)
  - CryptoSwift (0.2.3)
  - SWXMLHash (2.1.0)
  - UnrarKit (2.6):
    - UnrarKit/unrar-lib (= 2.6)
  - UnrarKit/unrar-lib (2.6)
  - WPZipArchive (0.0.1)

DEPENDENCIES:
  - Alamofire (~> 3.0)
  - CryptoSwift
  - SWXMLHash
  - UnrarKit (~> 2.6)
  - WPZipArchive

SPEC CHECKSUMS:
  Alamofire: 4da478599fccddff361205c8929333d7fe18dceb
  CryptoSwift: b2bf37b8e7cc6d682ef3365cb966bc5ae5174aa5
  SWXMLHash: 7257a358b3ab2f7a209e0b4e4cf552e8b6df5f0f
  UnrarKit: 062431740d7910ede1fc7455a58aac1649694c61
  WPZipArchive: 3a31c553e4c0d6225ae6661b20d189366d19c79f

COCOAPODS: 0.39.0
