// !$*UTF8*$!
{
	archiveVersion = 1;
	classes = {
	};
	objectVersion = 46;
	objects = {

/* Begin PBXBuildFile section */
		5D020D121C83486700E62CC1 /* KMMetadataFetcherSeriesSearchResultsTableViewCell.swift in Sources */ = {isa = PBXBuildFile; fileRef = 5D020D111C83486700E62CC1 /* KMMetadataFetcherSeriesSearchResultsTableViewCell.swift */; };
		5D020D151C83499900E62CC1 /* KMMetadataFetcherSeriesSearchResultsItemData.swift in Sources */ = {isa = PBXBuildFile; fileRef = 5D020D141C83499900E62CC1 /* KMMetadataFetcherSeriesSearchResultsItemData.swift */; };
		5D0D2A4C1C39830D00E3B8D0 /* KMManga.swift in Sources */ = {isa = PBXBuildFile; fileRef = 5D0D2A4B1C39830D00E3B8D0 /* KMManga.swift */; };
		5D0D2A521C39A11000E3B8D0 /* KMAddMangaViewController.swift in Sources */ = {isa = PBXBuildFile; fileRef = 5D0D2A501C39A11000E3B8D0 /* KMAddMangaViewController.swift */; };
		5D0DA3911C84E1A6009B356B /* KMMangaListTableHeaderView.swift in Sources */ = {isa = PBXBuildFile; fileRef = 5D0DA3901C84E1A6009B356B /* KMMangaListTableHeaderView.swift */; };
		5D0DA3941C84E394009B356B /* KMMangaListController.swift in Sources */ = {isa = PBXBuildFile; fileRef = 5D0DA3931C84E394009B356B /* KMMangaListController.swift */; };
		5D1388CC1C3836C200B5EAAD /* KMReaderPanelView.swift in Sources */ = {isa = PBXBuildFile; fileRef = 5D1388CB1C3836C200B5EAAD /* KMReaderPanelView.swift */; };
		5D13FAEB1C88AA4800108B6F /* KMReaderNotesViewController.swift in Sources */ = {isa = PBXBuildFile; fileRef = 5D13FAEA1C88AA4800108B6F /* KMReaderNotesViewController.swift */; };
		5D22C3FD1C4454C50010746F /* KMPreferencesController.swift in Sources */ = {isa = PBXBuildFile; fileRef = 5D22C3FC1C4454C50010746F /* KMPreferencesController.swift */; };
		5D22C4011C445BA20010746F /* SwiftyJSON.swift in Sources */ = {isa = PBXBuildFile; fileRef = 5D22C4001C445BA20010746F /* SwiftyJSON.swift */; };
		5D2C37A91C4C3FA50089B7E1 /* KMExtensions.swift in Sources */ = {isa = PBXBuildFile; fileRef = 5D2C37A81C4C3FA50089B7E1 /* KMExtensions.swift */; };
		5D2C37AB1C4C48070089B7E1 /* KMWindowDelegate.swift in Sources */ = {isa = PBXBuildFile; fileRef = 5D2C37AA1C4C48070089B7E1 /* KMWindowDelegate.swift */; };
		5D363FA51C5ABFB6004708FC /* KMEHDownloadController.swift in Sources */ = {isa = PBXBuildFile; fileRef = 5D363FA41C5ABFB6004708FC /* KMEHDownloadController.swift */; };
		5D363FA71C5AC116004708FC /* KMEHDownloadItem.swift in Sources */ = {isa = PBXBuildFile; fileRef = 5D363FA61C5AC116004708FC /* KMEHDownloadItem.swift */; };
		5D39717B1C822CDE00FD77C5 /* KMMetadataFetcherViewController.swift in Sources */ = {isa = PBXBuildFile; fileRef = 5D39717A1C822CDE00FD77C5 /* KMMetadataFetcherViewController.swift */; };
		5D46564F1C6FD87D006DCA0D /* KMFavouriteButton.swift in Sources */ = {isa = PBXBuildFile; fileRef = 5D46564E1C6FD87D006DCA0D /* KMFavouriteButton.swift */; };
		5D4656521C6FE70E006DCA0D /* KMEHLoginViewController.swift in Sources */ = {isa = PBXBuildFile; fileRef = 5D4656511C6FE70E006DCA0D /* KMEHLoginViewController.swift */; };
		5D4C3DD11C72352B00BBB718 /* KMMangaDropView.swift in Sources */ = {isa = PBXBuildFile; fileRef = 5D4C3DD01C72352B00BBB718 /* KMMangaDropView.swift */; };
		5D5DBECF1C3584F5004D8C5D /* AppDelegate.swift in Sources */ = {isa = PBXBuildFile; fileRef = 5D5DBECE1C3584F5004D8C5D /* AppDelegate.swift */; };
		5D5DBED11C3584F5004D8C5D /* ViewController.swift in Sources */ = {isa = PBXBuildFile; fileRef = 5D5DBED01C3584F5004D8C5D /* ViewController.swift */; };
		5D5DBED31C3584F5004D8C5D /* Assets.xcassets in Resources */ = {isa = PBXBuildFile; fileRef = 5D5DBED21C3584F5004D8C5D /* Assets.xcassets */; };
		5D5DBED61C3584F5004D8C5D /* Main.storyboard in Resources */ = {isa = PBXBuildFile; fileRef = 5D5DBED41C3584F5004D8C5D /* Main.storyboard */; };
		5D5DBEE11C3584F5004D8C5D /* KomikanTests.swift in Sources */ = {isa = PBXBuildFile; fileRef = 5D5DBEE01C3584F5004D8C5D /* KomikanTests.swift */; };
		5D5DBEEC1C3584F5004D8C5D /* KomikanUITests.swift in Sources */ = {isa = PBXBuildFile; fileRef = 5D5DBEEB1C3584F5004D8C5D /* KomikanUITests.swift */; };
		5D5DBEFA1C358BD3004D8C5D /* KMMangaGridItem.swift in Sources */ = {isa = PBXBuildFile; fileRef = 5D5DBEF91C358BD3004D8C5D /* KMMangaGridItem.swift */; };
		5D5DBEFC1C358BE0004D8C5D /* KMMangaGridController.swift in Sources */ = {isa = PBXBuildFile; fileRef = 5D5DBEFB1C358BE0004D8C5D /* KMMangaGridController.swift */; };
		5D5DBF021C35923F004D8C5D /* KMReaderViewController.swift in Sources */ = {isa = PBXBuildFile; fileRef = 5D5DBF011C35923F004D8C5D /* KMReaderViewController.swift */; };
		5D617CC31C835CFC00E4DB7D /* KMMetadataFetcherCoverSelectionPopUpButton.swift in Sources */ = {isa = PBXBuildFile; fileRef = 5D617CC21C835CFC00E4DB7D /* KMMetadataFetcherCoverSelectionPopUpButton.swift */; };
		5D6AD5611C80AF7200A5234F /* KMAlwaysActiveTextField.swift in Sources */ = {isa = PBXBuildFile; fileRef = 5D6AD5601C80AF7200A5234F /* KMAlwaysActiveTextField.swift */; };
		5D6DCC8B1C76700E0077A33B /* KMAboutWindowViewController.swift in Sources */ = {isa = PBXBuildFile; fileRef = 5D6DCC8A1C76700E0077A33B /* KMAboutWindowViewController.swift */; };
		5D7542E91C820A1600B4B836 /* KMMetadataFetcher.swift in Sources */ = {isa = PBXBuildFile; fileRef = 5D7542E81C820A1600B4B836 /* KMMetadataFetcher.swift */; };
		5D7A74E81C7BA46B0093EFEC /* KMReaderPageJumpData.swift in Sources */ = {isa = PBXBuildFile; fileRef = 5D7A74E71C7BA46B0093EFEC /* KMReaderPageJumpData.swift */; };
		5D7A74EA1C7BA6350093EFEC /* KMReaderPageJumpCellView.swift in Sources */ = {isa = PBXBuildFile; fileRef = 5D7A74E91C7BA6350093EFEC /* KMReaderPageJumpCellView.swift */; };
		5D7A74EC1C7BA73F0093EFEC /* KMReaderPageJumpTableView.swift in Sources */ = {isa = PBXBuildFile; fileRef = 5D7A74EB1C7BA73F0093EFEC /* KMReaderPageJumpTableView.swift */; };
		5D8125901C4BEDB600E3B000 /* KMEnums.swift in Sources */ = {isa = PBXBuildFile; fileRef = 5D81258F1C4BEDB600E3B000 /* KMEnums.swift */; };
		5D8447401C8B9186008D0337 /* Komikan Quicklook.qlgenerator in CopyFiles */ = {isa = PBXBuildFile; fileRef = 5D8447311C8B891E008D0337 /* Komikan Quicklook.qlgenerator */; };
		5D8B51B11C78B9E800B8C364 /* KMReaderScrollView.swift in Sources */ = {isa = PBXBuildFile; fileRef = 5D8B51B01C78B9E800B8C364 /* KMReaderScrollView.swift */; };
		5D8C1CAA1C3F09E5001AD41B /* KMEditMangaViewController.swift in Sources */ = {isa = PBXBuildFile; fileRef = 5D8C1CA91C3F09E5001AD41B /* KMEditMangaViewController.swift */; };
		5D9238AD1C5FBDB3006EBAB2 /* exadd in Resources */ = {isa = PBXBuildFile; fileRef = 5D9238AA1C5FBDB3006EBAB2 /* exadd */; };
		5D9238AE1C5FBDB3006EBAB2 /* exdownload in Resources */ = {isa = PBXBuildFile; fileRef = 5D9238AB1C5FBDB3006EBAB2 /* exdownload */; };
		5D9238AF1C5FBDB3006EBAB2 /* exinfo in Resources */ = {isa = PBXBuildFile; fileRef = 5D9238AC1C5FBDB3006EBAB2 /* exinfo */; };
		5D96AFAF1C4A9EEC00120D70 /* ehadd in Resources */ = {isa = PBXBuildFile; fileRef = 5D96AFAC1C4A9EEC00120D70 /* ehadd */; };
		5D96AFB01C4A9EEC00120D70 /* ehdownload in Resources */ = {isa = PBXBuildFile; fileRef = 5D96AFAD1C4A9EEC00120D70 /* ehdownload */; };
		5D96AFB11C4A9EEC00120D70 /* ehinfo in Resources */ = {isa = PBXBuildFile; fileRef = 5D96AFAE1C4A9EEC00120D70 /* ehinfo */; };
		5D96AFB31C4A9F4E00120D70 /* KMPreferencesKeeper.swift in Sources */ = {isa = PBXBuildFile; fileRef = 5D96AFB21C4A9F4E00120D70 /* KMPreferencesKeeper.swift */; };
		5D96AFB61C4AAFCB00120D70 /* KMEHViewController.swift in Sources */ = {isa = PBXBuildFile; fileRef = 5D96AFB51C4AAFCB00120D70 /* KMEHViewController.swift */; };
		5D9912111C46A5A6008E6591 /* KMCommandUtilities.swift in Sources */ = {isa = PBXBuildFile; fileRef = 5D9912101C46A5A6008E6591 /* KMCommandUtilities.swift */; };
		5D9912141C46AE9B008E6591 /* cleanmangadir in Resources */ = {isa = PBXBuildFile; fileRef = 5D9912131C46AE9B008E6591 /* cleanmangadir */; };
		5D9E07791C5E635500B35C91 /* KMDarkenView.swift in Sources */ = {isa = PBXBuildFile; fileRef = 5D9E07781C5E635500B35C91 /* KMDarkenView.swift */; };
		5DAC3ED11C70F70B00B77A19 /* KMSearchListViewController.swift in Sources */ = {isa = PBXBuildFile; fileRef = 5DAC3ED01C70F70B00B77A19 /* KMSearchListViewController.swift */; };
		5DAC3ED41C70F8C100B77A19 /* KMSearchListItemData.swift in Sources */ = {isa = PBXBuildFile; fileRef = 5DAC3ED31C70F8C100B77A19 /* KMSearchListItemData.swift */; };
		5DAC3ED81C70FB2100B77A19 /* KMSearchListTableViewCell.swift in Sources */ = {isa = PBXBuildFile; fileRef = 5DAC3ED71C70FB2100B77A19 /* KMSearchListTableViewCell.swift */; };
		5DACB0AD1C80C1CB0065C5DA /* KMRasterizedViews.swift in Sources */ = {isa = PBXBuildFile; fileRef = 5DACB0AC1C80C1CB0065C5DA /* KMRasterizedViews.swift */; };
		5DAF1C331C862BE100898C4C /* KMMangaListTableView.swift in Sources */ = {isa = PBXBuildFile; fileRef = 5DAF1C321C862BE100898C4C /* KMMangaListTableView.swift */; };
		5DBB0DFF1C36DA0000495985 /* KMFileUtilities.swift in Sources */ = {isa = PBXBuildFile; fileRef = 5DBB0DFE1C36DA0000495985 /* KMFileUtilities.swift */; };
		5DBC7C6B1C629BBC00FAD428 /* KMImageUtilities.swift in Sources */ = {isa = PBXBuildFile; fileRef = 5DBC7C6A1C629BBC00FAD428 /* KMImageUtilities.swift */; };
		5DC23A8A1C5BBEFF00916751 /* KMImageFilterUtilities.swift in Sources */ = {isa = PBXBuildFile; fileRef = 5DC23A891C5BBEFF00916751 /* KMImageFilterUtilities.swift */; };
		5DC3A8F11C5AB25E0058D253 /* KMGradientView.swift in Sources */ = {isa = PBXBuildFile; fileRef = 5DC3A8F01C5AB25E0058D253 /* KMGradientView.swift */; };
		5DC97D691C3EFF8200CC1006 /* KMMangaGridCollectionItem.swift in Sources */ = {isa = PBXBuildFile; fileRef = 5DC97D681C3EFF8200CC1006 /* KMMangaGridCollectionItem.swift */; };
		5DD77F211C765BD7000E6645 /* KMDraggableImageView.swift in Sources */ = {isa = PBXBuildFile; fileRef = 5DD77F201C765BD7000E6645 /* KMDraggableImageView.swift */; };
		5DDD43651C6FBC82005DBAAF /* KMSetSelectedItemsPropertiesViewController.swift in Sources */ = {isa = PBXBuildFile; fileRef = 5DDD43641C6FBC82005DBAAF /* KMSetSelectedItemsPropertiesViewController.swift */; };
		5DFBC77D1C3C6B490044A5B6 /* KMMangaGridSelectionBox.swift in Sources */ = {isa = PBXBuildFile; fileRef = 5DFBC77C1C3C6B490044A5B6 /* KMMangaGridSelectionBox.swift */; };
		EA29E707668C89B7BD89C1F9 /* Pods_Komikan.framework in Frameworks */ = {isa = PBXBuildFile; fileRef = 8D5AB7CFDFCD1F1B17F8E1E2 /* Pods_Komikan.framework */; };
/* End PBXBuildFile section */

/* Begin PBXContainerItemProxy section */
		5D5DBEDD1C3584F5004D8C5D /* PBXContainerItemProxy */ = {
			isa = PBXContainerItemProxy;
			containerPortal = 5D5DBEC31C3584F5004D8C5D /* Project object */;
			proxyType = 1;
			remoteGlobalIDString = 5D5DBECA1C3584F5004D8C5D;
			remoteInfo = Komikan;
		};
		5D5DBEE81C3584F5004D8C5D /* PBXContainerItemProxy */ = {
			isa = PBXContainerItemProxy;
			containerPortal = 5D5DBEC31C3584F5004D8C5D /* Project object */;
			proxyType = 1;
			remoteGlobalIDString = 5D5DBECA1C3584F5004D8C5D;
			remoteInfo = Komikan;
		};
/* End PBXContainerItemProxy section */

/* Begin PBXCopyFilesBuildPhase section */
		5D84473D1C8B9007008D0337 /* CopyFiles */ = {
			isa = PBXCopyFilesBuildPhase;
			buildActionMask = 2147483647;
			dstPath = "~/Library/QuickLook";
			dstSubfolderSpec = 0;
			files = (
				5D8447401C8B9186008D0337 /* Komikan Quicklook.qlgenerator in CopyFiles */,
			);
			runOnlyForDeploymentPostprocessing = 0;
		};
/* End PBXCopyFilesBuildPhase section */

/* Begin PBXFileReference section */
		39B1CCABE43DCFDDE2111753 /* libPods.a */ = {isa = PBXFileReference; explicitFileType = archive.ar; includeInIndex = 0; path = libPods.a; sourceTree = BUILT_PRODUCTS_DIR; };
		5D020D111C83486700E62CC1 /* KMMetadataFetcherSeriesSearchResultsTableViewCell.swift */ = {isa = PBXFileReference; fileEncoding = 4; lastKnownFileType = sourcecode.swift; path = KMMetadataFetcherSeriesSearchResultsTableViewCell.swift; sourceTree = "<group>"; };
		5D020D141C83499900E62CC1 /* KMMetadataFetcherSeriesSearchResultsItemData.swift */ = {isa = PBXFileReference; fileEncoding = 4; lastKnownFileType = sourcecode.swift; path = KMMetadataFetcherSeriesSearchResultsItemData.swift; sourceTree = "<group>"; };
		5D0D2A4B1C39830D00E3B8D0 /* KMManga.swift */ = {isa = PBXFileReference; fileEncoding = 4; lastKnownFileType = sourcecode.swift; path = KMManga.swift; sourceTree = "<group>"; };
		5D0D2A501C39A11000E3B8D0 /* KMAddMangaViewController.swift */ = {isa = PBXFileReference; fileEncoding = 4; lastKnownFileType = sourcecode.swift; path = KMAddMangaViewController.swift; sourceTree = "<group>"; };
		5D0DA3901C84E1A6009B356B /* KMMangaListTableHeaderView.swift */ = {isa = PBXFileReference; fileEncoding = 4; lastKnownFileType = sourcecode.swift; path = KMMangaListTableHeaderView.swift; sourceTree = "<group>"; };
		5D0DA3931C84E394009B356B /* KMMangaListController.swift */ = {isa = PBXFileReference; fileEncoding = 4; lastKnownFileType = sourcecode.swift; path = KMMangaListController.swift; sourceTree = "<group>"; };
		5D1388CB1C3836C200B5EAAD /* KMReaderPanelView.swift */ = {isa = PBXFileReference; fileEncoding = 4; lastKnownFileType = sourcecode.swift; path = KMReaderPanelView.swift; sourceTree = "<group>"; };
		5D13FAEA1C88AA4800108B6F /* KMReaderNotesViewController.swift */ = {isa = PBXFileReference; fileEncoding = 4; lastKnownFileType = sourcecode.swift; path = KMReaderNotesViewController.swift; sourceTree = "<group>"; };
		5D22C3FC1C4454C50010746F /* KMPreferencesController.swift */ = {isa = PBXFileReference; fileEncoding = 4; lastKnownFileType = sourcecode.swift; path = KMPreferencesController.swift; sourceTree = "<group>"; };
		5D22C4001C445BA20010746F /* SwiftyJSON.swift */ = {isa = PBXFileReference; fileEncoding = 4; lastKnownFileType = sourcecode.swift; path = SwiftyJSON.swift; sourceTree = "<group>"; };
		5D2C37A81C4C3FA50089B7E1 /* KMExtensions.swift */ = {isa = PBXFileReference; fileEncoding = 4; lastKnownFileType = sourcecode.swift; path = KMExtensions.swift; sourceTree = "<group>"; };
		5D2C37AA1C4C48070089B7E1 /* KMWindowDelegate.swift */ = {isa = PBXFileReference; fileEncoding = 4; lastKnownFileType = sourcecode.swift; path = KMWindowDelegate.swift; sourceTree = "<group>"; };
		5D363FA41C5ABFB6004708FC /* KMEHDownloadController.swift */ = {isa = PBXFileReference; fileEncoding = 4; lastKnownFileType = sourcecode.swift; path = KMEHDownloadController.swift; sourceTree = "<group>"; };
		5D363FA61C5AC116004708FC /* KMEHDownloadItem.swift */ = {isa = PBXFileReference; fileEncoding = 4; lastKnownFileType = sourcecode.swift; path = KMEHDownloadItem.swift; sourceTree = "<group>"; };
		5D39717A1C822CDE00FD77C5 /* KMMetadataFetcherViewController.swift */ = {isa = PBXFileReference; fileEncoding = 4; lastKnownFileType = sourcecode.swift; path = KMMetadataFetcherViewController.swift; sourceTree = "<group>"; };
		5D46564E1C6FD87D006DCA0D /* KMFavouriteButton.swift */ = {isa = PBXFileReference; fileEncoding = 4; lastKnownFileType = sourcecode.swift; path = KMFavouriteButton.swift; sourceTree = "<group>"; };
		5D4656511C6FE70E006DCA0D /* KMEHLoginViewController.swift */ = {isa = PBXFileReference; fileEncoding = 4; lastKnownFileType = sourcecode.swift; path = KMEHLoginViewController.swift; sourceTree = "<group>"; };
		5D4C3DD01C72352B00BBB718 /* KMMangaDropView.swift */ = {isa = PBXFileReference; fileEncoding = 4; lastKnownFileType = sourcecode.swift; path = KMMangaDropView.swift; sourceTree = "<group>"; };
		5D5DBECB1C3584F5004D8C5D /* Komikan.app */ = {isa = PBXFileReference; explicitFileType = wrapper.application; includeInIndex = 0; path = Komikan.app; sourceTree = BUILT_PRODUCTS_DIR; };
		5D5DBECE1C3584F5004D8C5D /* AppDelegate.swift */ = {isa = PBXFileReference; lastKnownFileType = sourcecode.swift; path = AppDelegate.swift; sourceTree = "<group>"; usesTabs = 0; };
		5D5DBED01C3584F5004D8C5D /* ViewController.swift */ = {isa = PBXFileReference; lastKnownFileType = sourcecode.swift; path = ViewController.swift; sourceTree = "<group>"; };
		5D5DBED21C3584F5004D8C5D /* Assets.xcassets */ = {isa = PBXFileReference; lastKnownFileType = folder.assetcatalog; path = Assets.xcassets; sourceTree = "<group>"; };
		5D5DBED51C3584F5004D8C5D /* Base */ = {isa = PBXFileReference; lastKnownFileType = file.storyboard; name = Base; path = Base.lproj/Main.storyboard; sourceTree = "<group>"; };
		5D5DBED71C3584F5004D8C5D /* Info.plist */ = {isa = PBXFileReference; lastKnownFileType = text.plist.xml; path = Info.plist; sourceTree = "<group>"; };
		5D5DBEDC1C3584F5004D8C5D /* KomikanTests.xctest */ = {isa = PBXFileReference; explicitFileType = wrapper.cfbundle; includeInIndex = 0; path = KomikanTests.xctest; sourceTree = BUILT_PRODUCTS_DIR; };
		5D5DBEE01C3584F5004D8C5D /* KomikanTests.swift */ = {isa = PBXFileReference; lastKnownFileType = sourcecode.swift; path = KomikanTests.swift; sourceTree = "<group>"; };
		5D5DBEE21C3584F5004D8C5D /* Info.plist */ = {isa = PBXFileReference; lastKnownFileType = text.plist.xml; path = Info.plist; sourceTree = "<group>"; };
		5D5DBEE71C3584F5004D8C5D /* KomikanUITests.xctest */ = {isa = PBXFileReference; explicitFileType = wrapper.cfbundle; includeInIndex = 0; path = KomikanUITests.xctest; sourceTree = BUILT_PRODUCTS_DIR; };
		5D5DBEEB1C3584F5004D8C5D /* KomikanUITests.swift */ = {isa = PBXFileReference; lastKnownFileType = sourcecode.swift; path = KomikanUITests.swift; sourceTree = "<group>"; };
		5D5DBEED1C3584F5004D8C5D /* Info.plist */ = {isa = PBXFileReference; lastKnownFileType = text.plist.xml; path = Info.plist; sourceTree = "<group>"; };
		5D5DBEF91C358BD3004D8C5D /* KMMangaGridItem.swift */ = {isa = PBXFileReference; fileEncoding = 4; lastKnownFileType = sourcecode.swift; path = KMMangaGridItem.swift; sourceTree = "<group>"; };
		5D5DBEFB1C358BE0004D8C5D /* KMMangaGridController.swift */ = {isa = PBXFileReference; fileEncoding = 4; lastKnownFileType = sourcecode.swift; path = KMMangaGridController.swift; sourceTree = "<group>"; };
		5D5DBF011C35923F004D8C5D /* KMReaderViewController.swift */ = {isa = PBXFileReference; fileEncoding = 4; lastKnownFileType = sourcecode.swift; path = KMReaderViewController.swift; sourceTree = "<group>"; };
		5D617CC21C835CFC00E4DB7D /* KMMetadataFetcherCoverSelectionPopUpButton.swift */ = {isa = PBXFileReference; fileEncoding = 4; lastKnownFileType = sourcecode.swift; path = KMMetadataFetcherCoverSelectionPopUpButton.swift; sourceTree = "<group>"; };
		5D6AD5601C80AF7200A5234F /* KMAlwaysActiveTextField.swift */ = {isa = PBXFileReference; fileEncoding = 4; lastKnownFileType = sourcecode.swift; path = KMAlwaysActiveTextField.swift; sourceTree = "<group>"; };
		5D6DCC8A1C76700E0077A33B /* KMAboutWindowViewController.swift */ = {isa = PBXFileReference; fileEncoding = 4; lastKnownFileType = sourcecode.swift; path = KMAboutWindowViewController.swift; sourceTree = "<group>"; };
		5D7542E81C820A1600B4B836 /* KMMetadataFetcher.swift */ = {isa = PBXFileReference; fileEncoding = 4; lastKnownFileType = sourcecode.swift; path = KMMetadataFetcher.swift; sourceTree = "<group>"; };
		5D7A74E71C7BA46B0093EFEC /* KMReaderPageJumpData.swift */ = {isa = PBXFileReference; fileEncoding = 4; lastKnownFileType = sourcecode.swift; path = KMReaderPageJumpData.swift; sourceTree = "<group>"; };
		5D7A74E91C7BA6350093EFEC /* KMReaderPageJumpCellView.swift */ = {isa = PBXFileReference; fileEncoding = 4; lastKnownFileType = sourcecode.swift; path = KMReaderPageJumpCellView.swift; sourceTree = "<group>"; };
		5D7A74EB1C7BA73F0093EFEC /* KMReaderPageJumpTableView.swift */ = {isa = PBXFileReference; fileEncoding = 4; lastKnownFileType = sourcecode.swift; path = KMReaderPageJumpTableView.swift; sourceTree = "<group>"; };
		5D81258F1C4BEDB600E3B000 /* KMEnums.swift */ = {isa = PBXFileReference; fileEncoding = 4; lastKnownFileType = sourcecode.swift; path = KMEnums.swift; sourceTree = "<group>"; };
		5D8447311C8B891E008D0337 /* Komikan Quicklook.qlgenerator */ = {isa = PBXFileReference; explicitFileType = wrapper.cfbundle; includeInIndex = 0; path = "Komikan Quicklook.qlgenerator"; sourceTree = BUILT_PRODUCTS_DIR; };
		5D8B51B01C78B9E800B8C364 /* KMReaderScrollView.swift */ = {isa = PBXFileReference; fileEncoding = 4; lastKnownFileType = sourcecode.swift; path = KMReaderScrollView.swift; sourceTree = "<group>"; };
		5D8C1CA91C3F09E5001AD41B /* KMEditMangaViewController.swift */ = {isa = PBXFileReference; fileEncoding = 4; lastKnownFileType = sourcecode.swift; path = KMEditMangaViewController.swift; sourceTree = "<group>"; };
		5D9238AA1C5FBDB3006EBAB2 /* exadd */ = {isa = PBXFileReference; fileEncoding = 4; lastKnownFileType = text.script.sh; path = exadd; sourceTree = "<group>"; };
		5D9238AB1C5FBDB3006EBAB2 /* exdownload */ = {isa = PBXFileReference; fileEncoding = 4; lastKnownFileType = text.script.sh; path = exdownload; sourceTree = "<group>"; };
		5D9238AC1C5FBDB3006EBAB2 /* exinfo */ = {isa = PBXFileReference; fileEncoding = 4; lastKnownFileType = text.script.sh; path = exinfo; sourceTree = "<group>"; };
		5D96AFAC1C4A9EEC00120D70 /* ehadd */ = {isa = PBXFileReference; fileEncoding = 4; lastKnownFileType = text.script.sh; path = ehadd; sourceTree = "<group>"; };
		5D96AFAD1C4A9EEC00120D70 /* ehdownload */ = {isa = PBXFileReference; fileEncoding = 4; lastKnownFileType = text.script.sh; path = ehdownload; sourceTree = "<group>"; };
		5D96AFAE1C4A9EEC00120D70 /* ehinfo */ = {isa = PBXFileReference; fileEncoding = 4; lastKnownFileType = text.script.sh; path = ehinfo; sourceTree = "<group>"; };
		5D96AFB21C4A9F4E00120D70 /* KMPreferencesKeeper.swift */ = {isa = PBXFileReference; fileEncoding = 4; lastKnownFileType = sourcecode.swift; path = KMPreferencesKeeper.swift; sourceTree = "<group>"; };
		5D96AFB51C4AAFCB00120D70 /* KMEHViewController.swift */ = {isa = PBXFileReference; fileEncoding = 4; lastKnownFileType = sourcecode.swift; path = KMEHViewController.swift; sourceTree = "<group>"; };
		5D9912101C46A5A6008E6591 /* KMCommandUtilities.swift */ = {isa = PBXFileReference; fileEncoding = 4; lastKnownFileType = sourcecode.swift; path = KMCommandUtilities.swift; sourceTree = "<group>"; };
		5D9912131C46AE9B008E6591 /* cleanmangadir */ = {isa = PBXFileReference; fileEncoding = 4; lastKnownFileType = text; path = cleanmangadir; sourceTree = "<group>"; };
		5D9E07781C5E635500B35C91 /* KMDarkenView.swift */ = {isa = PBXFileReference; fileEncoding = 4; lastKnownFileType = sourcecode.swift; path = KMDarkenView.swift; sourceTree = "<group>"; };
		5DAC3ED01C70F70B00B77A19 /* KMSearchListViewController.swift */ = {isa = PBXFileReference; fileEncoding = 4; lastKnownFileType = sourcecode.swift; path = KMSearchListViewController.swift; sourceTree = "<group>"; };
		5DAC3ED31C70F8C100B77A19 /* KMSearchListItemData.swift */ = {isa = PBXFileReference; fileEncoding = 4; lastKnownFileType = sourcecode.swift; path = KMSearchListItemData.swift; sourceTree = "<group>"; };
		5DAC3ED71C70FB2100B77A19 /* KMSearchListTableViewCell.swift */ = {isa = PBXFileReference; fileEncoding = 4; lastKnownFileType = sourcecode.swift; path = KMSearchListTableViewCell.swift; sourceTree = "<group>"; };
		5DACB0AC1C80C1CB0065C5DA /* KMRasterizedViews.swift */ = {isa = PBXFileReference; fileEncoding = 4; lastKnownFileType = sourcecode.swift; path = KMRasterizedViews.swift; sourceTree = "<group>"; usesTabs = 0; };
		5DAF1C321C862BE100898C4C /* KMMangaListTableView.swift */ = {isa = PBXFileReference; fileEncoding = 4; lastKnownFileType = sourcecode.swift; path = KMMangaListTableView.swift; sourceTree = "<group>"; };
		5DBB0DFE1C36DA0000495985 /* KMFileUtilities.swift */ = {isa = PBXFileReference; fileEncoding = 4; lastKnownFileType = sourcecode.swift; path = KMFileUtilities.swift; sourceTree = "<group>"; };
		5DBB0E061C36E2C700495985 /* Komikan-Bridging-Header.h */ = {isa = PBXFileReference; lastKnownFileType = sourcecode.c.h; path = "Komikan-Bridging-Header.h"; sourceTree = "<group>"; };
		5DBC7C6A1C629BBC00FAD428 /* KMImageUtilities.swift */ = {isa = PBXFileReference; fileEncoding = 4; lastKnownFileType = sourcecode.swift; path = KMImageUtilities.swift; sourceTree = "<group>"; };
		5DC23A891C5BBEFF00916751 /* KMImageFilterUtilities.swift */ = {isa = PBXFileReference; fileEncoding = 4; lastKnownFileType = sourcecode.swift; path = KMImageFilterUtilities.swift; sourceTree = "<group>"; };
		5DC3A8F01C5AB25E0058D253 /* KMGradientView.swift */ = {isa = PBXFileReference; fileEncoding = 4; lastKnownFileType = sourcecode.swift; path = KMGradientView.swift; sourceTree = "<group>"; };
		5DC97D681C3EFF8200CC1006 /* KMMangaGridCollectionItem.swift */ = {isa = PBXFileReference; fileEncoding = 4; lastKnownFileType = sourcecode.swift; path = KMMangaGridCollectionItem.swift; sourceTree = "<group>"; };
		5DD77F201C765BD7000E6645 /* KMDraggableImageView.swift */ = {isa = PBXFileReference; fileEncoding = 4; lastKnownFileType = sourcecode.swift; path = KMDraggableImageView.swift; sourceTree = "<group>"; };
		5DDD43641C6FBC82005DBAAF /* KMSetSelectedItemsPropertiesViewController.swift */ = {isa = PBXFileReference; fileEncoding = 4; lastKnownFileType = sourcecode.swift; path = KMSetSelectedItemsPropertiesViewController.swift; sourceTree = "<group>"; };
		5DFBC77C1C3C6B490044A5B6 /* KMMangaGridSelectionBox.swift */ = {isa = PBXFileReference; fileEncoding = 4; lastKnownFileType = sourcecode.swift; path = KMMangaGridSelectionBox.swift; sourceTree = "<group>"; };
		8D5AB7CFDFCD1F1B17F8E1E2 /* Pods_Komikan.framework */ = {isa = PBXFileReference; explicitFileType = wrapper.framework; includeInIndex = 0; path = Pods_Komikan.framework; sourceTree = BUILT_PRODUCTS_DIR; };
		B086CA4387890A79C8FD3E35 /* Pods-Komikan.release.xcconfig */ = {isa = PBXFileReference; includeInIndex = 1; lastKnownFileType = text.xcconfig; name = "Pods-Komikan.release.xcconfig"; path = "Pods/Target Support Files/Pods-Komikan/Pods-Komikan.release.xcconfig"; sourceTree = "<group>"; };
		CB22335385156945A0ABCB06 /* Pods-Komikan.debug.xcconfig */ = {isa = PBXFileReference; includeInIndex = 1; lastKnownFileType = text.xcconfig; name = "Pods-Komikan.debug.xcconfig"; path = "Pods/Target Support Files/Pods-Komikan/Pods-Komikan.debug.xcconfig"; sourceTree = "<group>"; };
/* End PBXFileReference section */

/* Begin PBXFrameworksBuildPhase section */
		5D5DBEC81C3584F5004D8C5D /* Frameworks */ = {
			isa = PBXFrameworksBuildPhase;
			buildActionMask = 2147483647;
			files = (
				EA29E707668C89B7BD89C1F9 /* Pods_Komikan.framework in Frameworks */,
			);
			runOnlyForDeploymentPostprocessing = 0;
		};
		5D5DBED91C3584F5004D8C5D /* Frameworks */ = {
			isa = PBXFrameworksBuildPhase;
			buildActionMask = 2147483647;
			files = (
			);
			runOnlyForDeploymentPostprocessing = 0;
		};
		5D5DBEE41C3584F5004D8C5D /* Frameworks */ = {
			isa = PBXFrameworksBuildPhase;
			buildActionMask = 2147483647;
			files = (
			);
			runOnlyForDeploymentPostprocessing = 0;
		};
		5D84472D1C8B891E008D0337 /* Frameworks */ = {
			isa = PBXFrameworksBuildPhase;
			buildActionMask = 2147483647;
			files = (
			);
			runOnlyForDeploymentPostprocessing = 0;
		};
/* End PBXFrameworksBuildPhase section */

/* Begin PBXGroup section */
		5D020D131C83497900E62CC1 /* Metadata Fetcher */ = {
			isa = PBXGroup;
			children = (
				5D020D141C83499900E62CC1 /* KMMetadataFetcherSeriesSearchResultsItemData.swift */,
			);
			name = "Metadata Fetcher";
			sourceTree = "<group>";
		};
		5D0D2A4A1C39830000E3B8D0 /* Objects */ = {
			isa = PBXGroup;
			children = (
				5D020D131C83497900E62CC1 /* Metadata Fetcher */,
				5D7A74E61C7BA4130093EFEC /* Reader Page Jump */,
				5DAC3ED21C70F87D00B77A19 /* Search List */,
				5D0D2A4B1C39830D00E3B8D0 /* KMManga.swift */,
				5D96AFB21C4A9F4E00120D70 /* KMPreferencesKeeper.swift */,
				5D363FA61C5AC116004708FC /* KMEHDownloadItem.swift */,
			);
			name = Objects;
			sourceTree = "<group>";
		};
		5D0D2A4D1C39A0EC00E3B8D0 /* Add Manga */ = {
			isa = PBXGroup;
			children = (
				5D0D2A501C39A11000E3B8D0 /* KMAddMangaViewController.swift */,
			);
			name = "Add Manga";
			sourceTree = "<group>";
		};
		5D0DA3921C84E379009B356B /* Manga List */ = {
			isa = PBXGroup;
			children = (
				5D0DA3931C84E394009B356B /* KMMangaListController.swift */,
				5DAF1C321C862BE100898C4C /* KMMangaListTableView.swift */,
			);
			name = "Manga List";
			sourceTree = "<group>";
		};
		5D1388CF1C384A2300B5EAAD /* Reader */ = {
			isa = PBXGroup;
			children = (
				5D13FAE91C88AA3700108B6F /* Notes */,
				5D7A74E51C7BA3B80093EFEC /* Page Jump */,
				5D5DBF011C35923F004D8C5D /* KMReaderViewController.swift */,
				5D1388CB1C3836C200B5EAAD /* KMReaderPanelView.swift */,
				5D8B51B01C78B9E800B8C364 /* KMReaderScrollView.swift */,
			);
			name = Reader;
			sourceTree = "<group>";
		};
		5D13FAE91C88AA3700108B6F /* Notes */ = {
			isa = PBXGroup;
			children = (
				5D13FAEA1C88AA4800108B6F /* KMReaderNotesViewController.swift */,
			);
			name = Notes;
			sourceTree = "<group>";
		};
		5D22C3FB1C44548F0010746F /* Preferences */ = {
			isa = PBXGroup;
			children = (
				5D22C3FC1C4454C50010746F /* KMPreferencesController.swift */,
			);
			name = Preferences;
			sourceTree = "<group>";
		};
		5D22C3FE1C445B820010746F /* Libraries */ = {
			isa = PBXGroup;
			children = (
				5D22C3FF1C445B990010746F /* SwiftyJSON */,
			);
			name = Libraries;
			sourceTree = "<group>";
		};
		5D22C3FF1C445B990010746F /* SwiftyJSON */ = {
			isa = PBXGroup;
			children = (
				5D22C4001C445BA20010746F /* SwiftyJSON.swift */,
			);
			name = SwiftyJSON;
			sourceTree = "<group>";
		};
		5D388A491C60083900E5DE7B /* Views */ = {
			isa = PBXGroup;
			children = (
				5DC3A8F01C5AB25E0058D253 /* KMGradientView.swift */,
				5D9E07781C5E635500B35C91 /* KMDarkenView.swift */,
				5D46564E1C6FD87D006DCA0D /* KMFavouriteButton.swift */,
				5D4C3DD01C72352B00BBB718 /* KMMangaDropView.swift */,
				5DD77F201C765BD7000E6645 /* KMDraggableImageView.swift */,
				5D6AD5601C80AF7200A5234F /* KMAlwaysActiveTextField.swift */,
				5DACB0AC1C80C1CB0065C5DA /* KMRasterizedViews.swift */,
				5D617CC21C835CFC00E4DB7D /* KMMetadataFetcherCoverSelectionPopUpButton.swift */,
				5D0DA3901C84E1A6009B356B /* KMMangaListTableHeaderView.swift */,
			);
			name = Views;
			sourceTree = "<group>";
		};
		5D3971791C822CC200FD77C5 /* Metadata Fetcher */ = {
			isa = PBXGroup;
			children = (
				5D39717A1C822CDE00FD77C5 /* KMMetadataFetcherViewController.swift */,
				5D020D111C83486700E62CC1 /* KMMetadataFetcherSeriesSearchResultsTableViewCell.swift */,
			);
			name = "Metadata Fetcher";
			sourceTree = "<group>";
		};
		5D5A11771C370EDC00C7A6A5 /* Manga Grid */ = {
			isa = PBXGroup;
			children = (
				5D0DA3921C84E379009B356B /* Manga List */,
				5D8C1CAB1C3F0DBA001AD41B /* Edit Manga */,
				5D5DBEF91C358BD3004D8C5D /* KMMangaGridItem.swift */,
				5DC97D681C3EFF8200CC1006 /* KMMangaGridCollectionItem.swift */,
				5D5DBEFB1C358BE0004D8C5D /* KMMangaGridController.swift */,
				5DFBC77C1C3C6B490044A5B6 /* KMMangaGridSelectionBox.swift */,
			);
			name = "Manga Grid";
			sourceTree = "<group>";
		};
		5D5DBEC21C3584F5004D8C5D = {
			isa = PBXGroup;
			children = (
				5D5DBECD1C3584F5004D8C5D /* Komikan */,
				5D5DBEDF1C3584F5004D8C5D /* KomikanTests */,
				5D5DBEEA1C3584F5004D8C5D /* KomikanUITests */,
				5D5DBECC1C3584F5004D8C5D /* Products */,
				DFB5AF07552EBB28896A006B /* Pods */,
				66B68D79869D1A6E84FB159B /* Frameworks */,
			);
			sourceTree = "<group>";
		};
		5D5DBECC1C3584F5004D8C5D /* Products */ = {
			isa = PBXGroup;
			children = (
				5D5DBECB1C3584F5004D8C5D /* Komikan.app */,
				5D5DBEDC1C3584F5004D8C5D /* KomikanTests.xctest */,
				5D5DBEE71C3584F5004D8C5D /* KomikanUITests.xctest */,
				5D8447311C8B891E008D0337 /* Komikan Quicklook.qlgenerator */,
			);
			name = Products;
			sourceTree = "<group>";
		};
		5D5DBECD1C3584F5004D8C5D /* Komikan */ = {
			isa = PBXGroup;
			children = (
				5D5DBECE1C3584F5004D8C5D /* AppDelegate.swift */,
				5D5DBED01C3584F5004D8C5D /* ViewController.swift */,
				5D5DBEFE1C35914E004D8C5D /* Storyboards */,
				5D0D2A4A1C39830000E3B8D0 /* Objects */,
				5DBB0DFD1C36D9E400495985 /* Utilities */,
				5D5DBEFD1C35913F004D8C5D /* View Managers */,
				5D22C3FE1C445B820010746F /* Libraries */,
				5DBB0E091C36E2D500495985 /* Objective-C */,
				5D9912121C46AE71008E6591 /* Binaries */,
				5D5DBED21C3584F5004D8C5D /* Assets.xcassets */,
				5D5DBED71C3584F5004D8C5D /* Info.plist */,
			);
			path = Komikan;
			sourceTree = "<group>";
		};
		5D5DBEDF1C3584F5004D8C5D /* KomikanTests */ = {
			isa = PBXGroup;
			children = (
				5D5DBEE01C3584F5004D8C5D /* KomikanTests.swift */,
				5D5DBEE21C3584F5004D8C5D /* Info.plist */,
			);
			path = KomikanTests;
			sourceTree = "<group>";
		};
		5D5DBEEA1C3584F5004D8C5D /* KomikanUITests */ = {
			isa = PBXGroup;
			children = (
				5D5DBEEB1C3584F5004D8C5D /* KomikanUITests.swift */,
				5D5DBEED1C3584F5004D8C5D /* Info.plist */,
			);
			path = KomikanUITests;
			sourceTree = "<group>";
		};
		5D5DBEFD1C35913F004D8C5D /* View Managers */ = {
			isa = PBXGroup;
			children = (
				5D3971791C822CC200FD77C5 /* Metadata Fetcher */,
				5D6DCC891C766FF70077A33B /* About Window */,
				5DAC3ECF1C70F6FB00B77A19 /* Search List */,
				5DDD43631C6FBC5D005DBAAF /* Set Selected Items Properties */,
				5D96AFB41C4AAFAD00120D70 /* EH */,
				5D22C3FB1C44548F0010746F /* Preferences */,
				5D0D2A4D1C39A0EC00E3B8D0 /* Add Manga */,
				5D1388CF1C384A2300B5EAAD /* Reader */,
				5D5A11771C370EDC00C7A6A5 /* Manga Grid */,
			);
			name = "View Managers";
			sourceTree = "<group>";
		};
		5D5DBEFE1C35914E004D8C5D /* Storyboards */ = {
			isa = PBXGroup;
			children = (
				5D5DBED41C3584F5004D8C5D /* Main.storyboard */,
			);
			name = Storyboards;
			sourceTree = "<group>";
		};
		5D6DCC891C766FF70077A33B /* About Window */ = {
			isa = PBXGroup;
			children = (
				5D6DCC8A1C76700E0077A33B /* KMAboutWindowViewController.swift */,
			);
			name = "About Window";
			sourceTree = "<group>";
		};
		5D7A74E51C7BA3B80093EFEC /* Page Jump */ = {
			isa = PBXGroup;
			children = (
				5D7A74E91C7BA6350093EFEC /* KMReaderPageJumpCellView.swift */,
				5D7A74EB1C7BA73F0093EFEC /* KMReaderPageJumpTableView.swift */,
			);
			name = "Page Jump";
			sourceTree = "<group>";
		};
		5D7A74E61C7BA4130093EFEC /* Reader Page Jump */ = {
			isa = PBXGroup;
			children = (
				5D7A74E71C7BA46B0093EFEC /* KMReaderPageJumpData.swift */,
			);
			name = "Reader Page Jump";
			sourceTree = "<group>";
		};
		5D8C1CAB1C3F0DBA001AD41B /* Edit Manga */ = {
			isa = PBXGroup;
			children = (
				5D8C1CA91C3F09E5001AD41B /* KMEditMangaViewController.swift */,
			);
			name = "Edit Manga";
			sourceTree = "<group>";
		};
		5D96AFB41C4AAFAD00120D70 /* EH */ = {
			isa = PBXGroup;
			children = (
				5D96AFB51C4AAFCB00120D70 /* KMEHViewController.swift */,
				5D4656511C6FE70E006DCA0D /* KMEHLoginViewController.swift */,
			);
			name = EH;
			sourceTree = "<group>";
		};
		5D9912121C46AE71008E6591 /* Binaries */ = {
			isa = PBXGroup;
			children = (
				5D9912131C46AE9B008E6591 /* cleanmangadir */,
				5D96AFAC1C4A9EEC00120D70 /* ehadd */,
				5D96AFAD1C4A9EEC00120D70 /* ehdownload */,
				5D96AFAE1C4A9EEC00120D70 /* ehinfo */,
				5D9238AA1C5FBDB3006EBAB2 /* exadd */,
				5D9238AB1C5FBDB3006EBAB2 /* exdownload */,
				5D9238AC1C5FBDB3006EBAB2 /* exinfo */,
			);
			name = Binaries;
			sourceTree = "<group>";
		};
		5DAC3ECF1C70F6FB00B77A19 /* Search List */ = {
			isa = PBXGroup;
			children = (
				5DAC3ED01C70F70B00B77A19 /* KMSearchListViewController.swift */,
				5DAC3ED71C70FB2100B77A19 /* KMSearchListTableViewCell.swift */,
			);
			name = "Search List";
			sourceTree = "<group>";
		};
		5DAC3ED21C70F87D00B77A19 /* Search List */ = {
			isa = PBXGroup;
			children = (
				5DAC3ED31C70F8C100B77A19 /* KMSearchListItemData.swift */,
			);
			name = "Search List";
			sourceTree = "<group>";
		};
		5DBB0DFD1C36D9E400495985 /* Utilities */ = {
			isa = PBXGroup;
			children = (
				5D388A491C60083900E5DE7B /* Views */,
				5DBB0DFE1C36DA0000495985 /* KMFileUtilities.swift */,
				5D9912101C46A5A6008E6591 /* KMCommandUtilities.swift */,
				5D81258F1C4BEDB600E3B000 /* KMEnums.swift */,
				5D2C37A81C4C3FA50089B7E1 /* KMExtensions.swift */,
				5D2C37AA1C4C48070089B7E1 /* KMWindowDelegate.swift */,
				5D363FA41C5ABFB6004708FC /* KMEHDownloadController.swift */,
				5DC23A891C5BBEFF00916751 /* KMImageFilterUtilities.swift */,
				5DBC7C6A1C629BBC00FAD428 /* KMImageUtilities.swift */,
				5D7542E81C820A1600B4B836 /* KMMetadataFetcher.swift */,
			);
			name = Utilities;
			sourceTree = "<group>";
		};
		5DBB0E091C36E2D500495985 /* Objective-C */ = {
			isa = PBXGroup;
			children = (
				5DBB0E061C36E2C700495985 /* Komikan-Bridging-Header.h */,
			);
			name = "Objective-C";
			sourceTree = "<group>";
		};
		5DDD43631C6FBC5D005DBAAF /* Set Selected Items Properties */ = {
			isa = PBXGroup;
			children = (
				5DDD43641C6FBC82005DBAAF /* KMSetSelectedItemsPropertiesViewController.swift */,
			);
			name = "Set Selected Items Properties";
			sourceTree = "<group>";
		};
		66B68D79869D1A6E84FB159B /* Frameworks */ = {
			isa = PBXGroup;
			children = (
				39B1CCABE43DCFDDE2111753 /* libPods.a */,
				8D5AB7CFDFCD1F1B17F8E1E2 /* Pods_Komikan.framework */,
			);
			name = Frameworks;
			sourceTree = "<group>";
		};
		DFB5AF07552EBB28896A006B /* Pods */ = {
			isa = PBXGroup;
			children = (
				CB22335385156945A0ABCB06 /* Pods-Komikan.debug.xcconfig */,
				B086CA4387890A79C8FD3E35 /* Pods-Komikan.release.xcconfig */,
			);
			name = Pods;
			sourceTree = "<group>";
		};
/* End PBXGroup section */

/* Begin PBXHeadersBuildPhase section */
		5D84472E1C8B891E008D0337 /* Headers */ = {
			isa = PBXHeadersBuildPhase;
			buildActionMask = 2147483647;
			files = (
			);
			runOnlyForDeploymentPostprocessing = 0;
		};
/* End PBXHeadersBuildPhase section */

/* Begin PBXNativeTarget section */
		5D5DBECA1C3584F5004D8C5D /* Komikan */ = {
			isa = PBXNativeTarget;
			buildConfigurationList = 5D5DBEF01C3584F5004D8C5D /* Build configuration list for PBXNativeTarget "Komikan" */;
			buildPhases = (
				80387E2EBE34800A09D34490 /* Check Pods Manifest.lock */,
				5D5DBEC71C3584F5004D8C5D /* Sources */,
				5D5DBEC81C3584F5004D8C5D /* Frameworks */,
				5D5DBEC91C3584F5004D8C5D /* Resources */,
				04D991387765BEF37DEB3178 /* Embed Pods Frameworks */,
				690F17290B7B5E14B42AF418 /* Copy Pods Resources */,
			);
			buildRules = (
			);
			dependencies = (
			);
			name = Komikan;
			productName = Komikan;
			productReference = 5D5DBECB1C3584F5004D8C5D /* Komikan.app */;
			productType = "com.apple.product-type.application";
		};
		5D5DBEDB1C3584F5004D8C5D /* KomikanTests */ = {
			isa = PBXNativeTarget;
			buildConfigurationList = 5D5DBEF31C3584F5004D8C5D /* Build configuration list for PBXNativeTarget "KomikanTests" */;
			buildPhases = (
				5D5DBED81C3584F5004D8C5D /* Sources */,
				5D5DBED91C3584F5004D8C5D /* Frameworks */,
				5D5DBEDA1C3584F5004D8C5D /* Resources */,
			);
			buildRules = (
			);
			dependencies = (
				5D5DBEDE1C3584F5004D8C5D /* PBXTargetDependency */,
			);
			name = KomikanTests;
			productName = KomikanTests;
			productReference = 5D5DBEDC1C3584F5004D8C5D /* KomikanTests.xctest */;
			productType = "com.apple.product-type.bundle.unit-test";
		};
		5D5DBEE61C3584F5004D8C5D /* KomikanUITests */ = {
			isa = PBXNativeTarget;
			buildConfigurationList = 5D5DBEF61C3584F5004D8C5D /* Build configuration list for PBXNativeTarget "KomikanUITests" */;
			buildPhases = (
				5D5DBEE31C3584F5004D8C5D /* Sources */,
				5D5DBEE41C3584F5004D8C5D /* Frameworks */,
				5D5DBEE51C3584F5004D8C5D /* Resources */,
			);
			buildRules = (
			);
			dependencies = (
				5D5DBEE91C3584F5004D8C5D /* PBXTargetDependency */,
			);
			name = KomikanUITests;
			productName = KomikanUITests;
			productReference = 5D5DBEE71C3584F5004D8C5D /* KomikanUITests.xctest */;
			productType = "com.apple.product-type.bundle.ui-testing";
		};
		5D8447301C8B891E008D0337 /* Komikan Quicklook */ = {
			isa = PBXNativeTarget;
			buildConfigurationList = 5D84473C1C8B891F008D0337 /* Build configuration list for PBXNativeTarget "Komikan Quicklook" */;
			buildPhases = (
				5D84472C1C8B891E008D0337 /* Sources */,
				5D84472D1C8B891E008D0337 /* Frameworks */,
				5D84472E1C8B891E008D0337 /* Headers */,
				5D84472F1C8B891E008D0337 /* Resources */,
				5D84473D1C8B9007008D0337 /* CopyFiles */,
			);
			buildRules = (
			);
			dependencies = (
			);
			name = "Komikan Quicklook";
			productName = "Komikan Quicklook";
			productReference = 5D8447311C8B891E008D0337 /* Komikan Quicklook.qlgenerator */;
			productType = "com.apple.product-type.bundle";
		};
/* End PBXNativeTarget section */

/* Begin PBXProject section */
		5D5DBEC31C3584F5004D8C5D /* Project object */ = {
			isa = PBXProject;
			attributes = {
				LastSwiftUpdateCheck = 0700;
				LastUpgradeCheck = 0700;
				ORGANIZATIONNAME = DrabWeb;
				TargetAttributes = {
					5D5DBECA1C3584F5004D8C5D = {
						CreatedOnToolsVersion = 7.0.1;
					};
					5D5DBEDB1C3584F5004D8C5D = {
						CreatedOnToolsVersion = 7.0.1;
						TestTargetID = 5D5DBECA1C3584F5004D8C5D;
					};
					5D5DBEE61C3584F5004D8C5D = {
						CreatedOnToolsVersion = 7.0.1;
						TestTargetID = 5D5DBECA1C3584F5004D8C5D;
					};
					5D8447301C8B891E008D0337 = {
						CreatedOnToolsVersion = 7.2;
					};
				};
			};
			buildConfigurationList = 5D5DBEC61C3584F5004D8C5D /* Build configuration list for PBXProject "Komikan" */;
			compatibilityVersion = "Xcode 3.2";
			developmentRegion = English;
			hasScannedForEncodings = 0;
			knownRegions = (
				en,
				Base,
			);
			mainGroup = 5D5DBEC21C3584F5004D8C5D;
			productRefGroup = 5D5DBECC1C3584F5004D8C5D /* Products */;
			projectDirPath = "";
			projectRoot = "";
			targets = (
				5D5DBECA1C3584F5004D8C5D /* Komikan */,
				5D5DBEDB1C3584F5004D8C5D /* KomikanTests */,
				5D5DBEE61C3584F5004D8C5D /* KomikanUITests */,
				5D8447301C8B891E008D0337 /* Komikan Quicklook */,
			);
		};
/* End PBXProject section */

/* Begin PBXResourcesBuildPhase section */
		5D5DBEC91C3584F5004D8C5D /* Resources */ = {
			isa = PBXResourcesBuildPhase;
			buildActionMask = 2147483647;
			files = (
				5D5DBED31C3584F5004D8C5D /* Assets.xcassets in Resources */,
				5D96AFB11C4A9EEC00120D70 /* ehinfo in Resources */,
				5D5DBED61C3584F5004D8C5D /* Main.storyboard in Resources */,
				5D9238AF1C5FBDB3006EBAB2 /* exinfo in Resources */,
				5D9912141C46AE9B008E6591 /* cleanmangadir in Resources */,
				5D9238AD1C5FBDB3006EBAB2 /* exadd in Resources */,
				5D96AFAF1C4A9EEC00120D70 /* ehadd in Resources */,
				5D96AFB01C4A9EEC00120D70 /* ehdownload in Resources */,
				5D9238AE1C5FBDB3006EBAB2 /* exdownload in Resources */,
			);
			runOnlyForDeploymentPostprocessing = 0;
		};
		5D5DBEDA1C3584F5004D8C5D /* Resources */ = {
			isa = PBXResourcesBuildPhase;
			buildActionMask = 2147483647;
			files = (
			);
			runOnlyForDeploymentPostprocessing = 0;
		};
		5D5DBEE51C3584F5004D8C5D /* Resources */ = {
			isa = PBXResourcesBuildPhase;
			buildActionMask = 2147483647;
			files = (
			);
			runOnlyForDeploymentPostprocessing = 0;
		};
		5D84472F1C8B891E008D0337 /* Resources */ = {
			isa = PBXResourcesBuildPhase;
			buildActionMask = 2147483647;
			files = (
			);
			runOnlyForDeploymentPostprocessing = 0;
		};
/* End PBXResourcesBuildPhase section */

/* Begin PBXShellScriptBuildPhase section */
		04D991387765BEF37DEB3178 /* Embed Pods Frameworks */ = {
			isa = PBXShellScriptBuildPhase;
			buildActionMask = 2147483647;
			files = (
			);
			inputPaths = (
			);
			name = "Embed Pods Frameworks";
			outputPaths = (
			);
			runOnlyForDeploymentPostprocessing = 0;
			shellPath = /bin/sh;
			shellScript = "\"${SRCROOT}/Pods/Target Support Files/Pods-Komikan/Pods-Komikan-frameworks.sh\"\n";
			showEnvVarsInLog = 0;
		};
		690F17290B7B5E14B42AF418 /* Copy Pods Resources */ = {
			isa = PBXShellScriptBuildPhase;
			buildActionMask = 2147483647;
			files = (
			);
			inputPaths = (
			);
			name = "Copy Pods Resources";
			outputPaths = (
			);
			runOnlyForDeploymentPostprocessing = 0;
			shellPath = /bin/sh;
			shellScript = "\"${SRCROOT}/Pods/Target Support Files/Pods-Komikan/Pods-Komikan-resources.sh\"\n";
			showEnvVarsInLog = 0;
		};
		80387E2EBE34800A09D34490 /* Check Pods Manifest.lock */ = {
			isa = PBXShellScriptBuildPhase;
			buildActionMask = 2147483647;
			files = (
			);
			inputPaths = (
			);
			name = "Check Pods Manifest.lock";
			outputPaths = (
			);
			runOnlyForDeploymentPostprocessing = 0;
			shellPath = /bin/sh;
			shellScript = "diff \"${PODS_ROOT}/../Podfile.lock\" \"${PODS_ROOT}/Manifest.lock\" > /dev/null\nif [[ $? != 0 ]] ; then\n    cat << EOM\nerror: The sandbox is not in sync with the Podfile.lock. Run 'pod install' or update your CocoaPods installation.\nEOM\n    exit 1\nfi\n";
			showEnvVarsInLog = 0;
		};
/* End PBXShellScriptBuildPhase section */

/* Begin PBXSourcesBuildPhase section */
		5D5DBEC71C3584F5004D8C5D /* Sources */ = {
			isa = PBXSourcesBuildPhase;
			buildActionMask = 2147483647;
			files = (
				5D0D2A521C39A11000E3B8D0 /* KMAddMangaViewController.swift in Sources */,
				5DC3A8F11C5AB25E0058D253 /* KMGradientView.swift in Sources */,
				5D0DA3941C84E394009B356B /* KMMangaListController.swift in Sources */,
				5D7542E91C820A1600B4B836 /* KMMetadataFetcher.swift in Sources */,
				5DFBC77D1C3C6B490044A5B6 /* KMMangaGridSelectionBox.swift in Sources */,
				5D8B51B11C78B9E800B8C364 /* KMReaderScrollView.swift in Sources */,
				5D9E07791C5E635500B35C91 /* KMDarkenView.swift in Sources */,
				5D96AFB61C4AAFCB00120D70 /* KMEHViewController.swift in Sources */,
				5D5DBEFC1C358BE0004D8C5D /* KMMangaGridController.swift in Sources */,
				5D7A74E81C7BA46B0093EFEC /* KMReaderPageJumpData.swift in Sources */,
				5D8C1CAA1C3F09E5001AD41B /* KMEditMangaViewController.swift in Sources */,
				5D363FA71C5AC116004708FC /* KMEHDownloadItem.swift in Sources */,
				5D5DBF021C35923F004D8C5D /* KMReaderViewController.swift in Sources */,
				5D22C4011C445BA20010746F /* SwiftyJSON.swift in Sources */,
				5D2C37A91C4C3FA50089B7E1 /* KMExtensions.swift in Sources */,
				5D46564F1C6FD87D006DCA0D /* KMFavouriteButton.swift in Sources */,
				5D6AD5611C80AF7200A5234F /* KMAlwaysActiveTextField.swift in Sources */,
				5D7A74EC1C7BA73F0093EFEC /* KMReaderPageJumpTableView.swift in Sources */,
				5DAF1C331C862BE100898C4C /* KMMangaListTableView.swift in Sources */,
				5DAC3ED41C70F8C100B77A19 /* KMSearchListItemData.swift in Sources */,
				5D1388CC1C3836C200B5EAAD /* KMReaderPanelView.swift in Sources */,
				5D0DA3911C84E1A6009B356B /* KMMangaListTableHeaderView.swift in Sources */,
				5D363FA51C5ABFB6004708FC /* KMEHDownloadController.swift in Sources */,
				5DDD43651C6FBC82005DBAAF /* KMSetSelectedItemsPropertiesViewController.swift in Sources */,
				5D6DCC8B1C76700E0077A33B /* KMAboutWindowViewController.swift in Sources */,
				5D020D121C83486700E62CC1 /* KMMetadataFetcherSeriesSearchResultsTableViewCell.swift in Sources */,
				5DC23A8A1C5BBEFF00916751 /* KMImageFilterUtilities.swift in Sources */,
				5D13FAEB1C88AA4800108B6F /* KMReaderNotesViewController.swift in Sources */,
				5DBC7C6B1C629BBC00FAD428 /* KMImageUtilities.swift in Sources */,
				5D9912111C46A5A6008E6591 /* KMCommandUtilities.swift in Sources */,
				5D5DBEFA1C358BD3004D8C5D /* KMMangaGridItem.swift in Sources */,
				5DC97D691C3EFF8200CC1006 /* KMMangaGridCollectionItem.swift in Sources */,
				5D2C37AB1C4C48070089B7E1 /* KMWindowDelegate.swift in Sources */,
				5D39717B1C822CDE00FD77C5 /* KMMetadataFetcherViewController.swift in Sources */,
				5D96AFB31C4A9F4E00120D70 /* KMPreferencesKeeper.swift in Sources */,
				5D7A74EA1C7BA6350093EFEC /* KMReaderPageJumpCellView.swift in Sources */,
				5DACB0AD1C80C1CB0065C5DA /* KMRasterizedViews.swift in Sources */,
				5D8125901C4BEDB600E3B000 /* KMEnums.swift in Sources */,
				5D0D2A4C1C39830D00E3B8D0 /* KMManga.swift in Sources */,
				5D5DBED11C3584F5004D8C5D /* ViewController.swift in Sources */,
				5DBB0DFF1C36DA0000495985 /* KMFileUtilities.swift in Sources */,
				5DAC3ED11C70F70B00B77A19 /* KMSearchListViewController.swift in Sources */,
				5D617CC31C835CFC00E4DB7D /* KMMetadataFetcherCoverSelectionPopUpButton.swift in Sources */,
				5D020D151C83499900E62CC1 /* KMMetadataFetcherSeriesSearchResultsItemData.swift in Sources */,
				5D5DBECF1C3584F5004D8C5D /* AppDelegate.swift in Sources */,
				5DAC3ED81C70FB2100B77A19 /* KMSearchListTableViewCell.swift in Sources */,
				5D22C3FD1C4454C50010746F /* KMPreferencesController.swift in Sources */,
				5D4C3DD11C72352B00BBB718 /* KMMangaDropView.swift in Sources */,
				5DD77F211C765BD7000E6645 /* KMDraggableImageView.swift in Sources */,
				5D4656521C6FE70E006DCA0D /* KMEHLoginViewController.swift in Sources */,
			);
			runOnlyForDeploymentPostprocessing = 0;
		};
		5D5DBED81C3584F5004D8C5D /* Sources */ = {
			isa = PBXSourcesBuildPhase;
			buildActionMask = 2147483647;
			files = (
				5D5DBEE11C3584F5004D8C5D /* KomikanTests.swift in Sources */,
			);
			runOnlyForDeploymentPostprocessing = 0;
		};
		5D5DBEE31C3584F5004D8C5D /* Sources */ = {
			isa = PBXSourcesBuildPhase;
			buildActionMask = 2147483647;
			files = (
				5D5DBEEC1C3584F5004D8C5D /* KomikanUITests.swift in Sources */,
			);
			runOnlyForDeploymentPostprocessing = 0;
		};
		5D84472C1C8B891E008D0337 /* Sources */ = {
			isa = PBXSourcesBuildPhase;
			buildActionMask = 2147483647;
			files = (
			);
			runOnlyForDeploymentPostprocessing = 0;
		};
/* End PBXSourcesBuildPhase section */

/* Begin PBXTargetDependency section */
		5D5DBEDE1C3584F5004D8C5D /* PBXTargetDependency */ = {
			isa = PBXTargetDependency;
			target = 5D5DBECA1C3584F5004D8C5D /* Komikan */;
			targetProxy = 5D5DBEDD1C3584F5004D8C5D /* PBXContainerItemProxy */;
		};
		5D5DBEE91C3584F5004D8C5D /* PBXTargetDependency */ = {
			isa = PBXTargetDependency;
			target = 5D5DBECA1C3584F5004D8C5D /* Komikan */;
			targetProxy = 5D5DBEE81C3584F5004D8C5D /* PBXContainerItemProxy */;
		};
/* End PBXTargetDependency section */

/* Begin PBXVariantGroup section */
		5D5DBED41C3584F5004D8C5D /* Main.storyboard */ = {
			isa = PBXVariantGroup;
			children = (
				5D5DBED51C3584F5004D8C5D /* Base */,
			);
			name = Main.storyboard;
			sourceTree = "<group>";
		};
/* End PBXVariantGroup section */

/* Begin XCBuildConfiguration section */
		5D5DBEEE1C3584F5004D8C5D /* Debug */ = {
			isa = XCBuildConfiguration;
			buildSettings = {
				ALWAYS_SEARCH_USER_PATHS = NO;
				CLANG_CXX_LANGUAGE_STANDARD = "gnu++0x";
				CLANG_CXX_LIBRARY = "libc++";
				CLANG_ENABLE_MODULES = YES;
				CLANG_ENABLE_OBJC_ARC = YES;
				CLANG_WARN_BOOL_CONVERSION = YES;
				CLANG_WARN_CONSTANT_CONVERSION = YES;
				CLANG_WARN_DIRECT_OBJC_ISA_USAGE = YES_ERROR;
				CLANG_WARN_EMPTY_BODY = YES;
				CLANG_WARN_ENUM_CONVERSION = YES;
				CLANG_WARN_INT_CONVERSION = YES;
				CLANG_WARN_OBJC_ROOT_CLASS = YES_ERROR;
				CLANG_WARN_UNREACHABLE_CODE = YES;
				CLANG_WARN__DUPLICATE_METHOD_MATCH = YES;
				CODE_SIGN_IDENTITY = "-";
				COPY_PHASE_STRIP = NO;
				DEBUG_INFORMATION_FORMAT = dwarf;
				ENABLE_STRICT_OBJC_MSGSEND = YES;
				ENABLE_TESTABILITY = YES;
				GCC_C_LANGUAGE_STANDARD = gnu99;
				GCC_DYNAMIC_NO_PIC = NO;
				GCC_NO_COMMON_BLOCKS = YES;
				GCC_OPTIMIZATION_LEVEL = 0;
				GCC_PREPROCESSOR_DEFINITIONS = (
					"DEBUG=1",
					"$(inherited)",
				);
				GCC_WARN_64_TO_32_BIT_CONVERSION = YES;
				GCC_WARN_ABOUT_RETURN_TYPE = YES_ERROR;
				GCC_WARN_UNDECLARED_SELECTOR = YES;
				GCC_WARN_UNINITIALIZED_AUTOS = YES_AGGRESSIVE;
				GCC_WARN_UNUSED_FUNCTION = YES;
				GCC_WARN_UNUSED_VARIABLE = YES;
				MACOSX_DEPLOYMENT_TARGET = 10.11;
				MTL_ENABLE_DEBUG_INFO = YES;
				ONLY_ACTIVE_ARCH = YES;
				SDKROOT = macosx;
				SWIFT_OPTIMIZATION_LEVEL = "-Onone";
			};
			name = Debug;
		};
		5D5DBEEF1C3584F5004D8C5D /* Release */ = {
			isa = XCBuildConfiguration;
			buildSettings = {
				ALWAYS_SEARCH_USER_PATHS = NO;
				CLANG_CXX_LANGUAGE_STANDARD = "gnu++0x";
				CLANG_CXX_LIBRARY = "libc++";
				CLANG_ENABLE_MODULES = YES;
				CLANG_ENABLE_OBJC_ARC = YES;
				CLANG_WARN_BOOL_CONVERSION = YES;
				CLANG_WARN_CONSTANT_CONVERSION = YES;
				CLANG_WARN_DIRECT_OBJC_ISA_USAGE = YES_ERROR;
				CLANG_WARN_EMPTY_BODY = YES;
				CLANG_WARN_ENUM_CONVERSION = YES;
				CLANG_WARN_INT_CONVERSION = YES;
				CLANG_WARN_OBJC_ROOT_CLASS = YES_ERROR;
				CLANG_WARN_UNREACHABLE_CODE = YES;
				CLANG_WARN__DUPLICATE_METHOD_MATCH = YES;
				CODE_SIGN_IDENTITY = "-";
				COPY_PHASE_STRIP = NO;
				DEBUG_INFORMATION_FORMAT = "dwarf-with-dsym";
				ENABLE_NS_ASSERTIONS = NO;
				ENABLE_STRICT_OBJC_MSGSEND = YES;
				GCC_C_LANGUAGE_STANDARD = gnu99;
				GCC_NO_COMMON_BLOCKS = YES;
				GCC_WARN_64_TO_32_BIT_CONVERSION = YES;
				GCC_WARN_ABOUT_RETURN_TYPE = YES_ERROR;
				GCC_WARN_UNDECLARED_SELECTOR = YES;
				GCC_WARN_UNINITIALIZED_AUTOS = YES_AGGRESSIVE;
				GCC_WARN_UNUSED_FUNCTION = YES;
				GCC_WARN_UNUSED_VARIABLE = YES;
				MACOSX_DEPLOYMENT_TARGET = 10.11;
				MTL_ENABLE_DEBUG_INFO = NO;
				SDKROOT = macosx;
			};
			name = Release;
		};
		5D5DBEF11C3584F5004D8C5D /* Debug */ = {
			isa = XCBuildConfiguration;
			baseConfigurationReference = CB22335385156945A0ABCB06 /* Pods-Komikan.debug.xcconfig */;
			buildSettings = {
				ASSETCATALOG_COMPILER_APPICON_NAME = AppIcon;
				CLANG_ENABLE_MODULES = YES;
				COMBINE_HIDPI_IMAGES = YES;
				INFOPLIST_FILE = Komikan/Info.plist;
				LD_RUNPATH_SEARCH_PATHS = "$(inherited) @executable_path/../Frameworks";
				PRODUCT_BUNDLE_IDENTIFIER = drabweb.Komikan;
				PRODUCT_NAME = "$(TARGET_NAME)";
				SWIFT_OBJC_BRIDGING_HEADER = "Komikan/Komikan-Bridging-Header.h";
				SWIFT_OPTIMIZATION_LEVEL = "-Onone";
			};
			name = Debug;
		};
		5D5DBEF21C3584F5004D8C5D /* Release */ = {
			isa = XCBuildConfiguration;
			baseConfigurationReference = B086CA4387890A79C8FD3E35 /* Pods-Komikan.release.xcconfig */;
			buildSettings = {
				ASSETCATALOG_COMPILER_APPICON_NAME = AppIcon;
				CLANG_ENABLE_MODULES = YES;
				COMBINE_HIDPI_IMAGES = YES;
				INFOPLIST_FILE = Komikan/Info.plist;
				LD_RUNPATH_SEARCH_PATHS = "$(inherited) @executable_path/../Frameworks";
				PRODUCT_BUNDLE_IDENTIFIER = drabweb.Komikan;
				PRODUCT_NAME = "$(TARGET_NAME)";
				SWIFT_OBJC_BRIDGING_HEADER = "Komikan/Komikan-Bridging-Header.h";
			};
			name = Release;
		};
		5D5DBEF41C3584F5004D8C5D /* Debug */ = {
			isa = XCBuildConfiguration;
			buildSettings = {
				BUNDLE_LOADER = "$(TEST_HOST)";
				COMBINE_HIDPI_IMAGES = YES;
				INFOPLIST_FILE = KomikanTests/Info.plist;
				LD_RUNPATH_SEARCH_PATHS = "$(inherited) @executable_path/../Frameworks @loader_path/../Frameworks";
				PRODUCT_BUNDLE_IDENTIFIER = drabweb.KomikanTests;
				PRODUCT_NAME = "$(TARGET_NAME)";
				TEST_HOST = "$(BUILT_PRODUCTS_DIR)/Komikan.app/Contents/MacOS/Komikan";
			};
			name = Debug;
		};
		5D5DBEF51C3584F5004D8C5D /* Release */ = {
			isa = XCBuildConfiguration;
			buildSettings = {
				BUNDLE_LOADER = "$(TEST_HOST)";
				COMBINE_HIDPI_IMAGES = YES;
				INFOPLIST_FILE = KomikanTests/Info.plist;
				LD_RUNPATH_SEARCH_PATHS = "$(inherited) @executable_path/../Frameworks @loader_path/../Frameworks";
				PRODUCT_BUNDLE_IDENTIFIER = drabweb.KomikanTests;
				PRODUCT_NAME = "$(TARGET_NAME)";
				TEST_HOST = "$(BUILT_PRODUCTS_DIR)/Komikan.app/Contents/MacOS/Komikan";
			};
			name = Release;
		};
		5D5DBEF71C3584F5004D8C5D /* Debug */ = {
			isa = XCBuildConfiguration;
			buildSettings = {
				COMBINE_HIDPI_IMAGES = YES;
				INFOPLIST_FILE = KomikanUITests/Info.plist;
				LD_RUNPATH_SEARCH_PATHS = "$(inherited) @executable_path/../Frameworks @loader_path/../Frameworks";
				PRODUCT_BUNDLE_IDENTIFIER = drabweb.KomikanUITests;
				PRODUCT_NAME = "$(TARGET_NAME)";
				TEST_TARGET_NAME = Komikan;
				USES_XCTRUNNER = YES;
			};
			name = Debug;
		};
		5D5DBEF81C3584F5004D8C5D /* Release */ = {
			isa = XCBuildConfiguration;
			buildSettings = {
				COMBINE_HIDPI_IMAGES = YES;
				INFOPLIST_FILE = KomikanUITests/Info.plist;
				LD_RUNPATH_SEARCH_PATHS = "$(inherited) @executable_path/../Frameworks @loader_path/../Frameworks";
				PRODUCT_BUNDLE_IDENTIFIER = drabweb.KomikanUITests;
				PRODUCT_NAME = "$(TARGET_NAME)";
				TEST_TARGET_NAME = Komikan;
				USES_XCTRUNNER = YES;
			};
			name = Release;
		};
		5D84473A1C8B891F008D0337 /* Debug */ = {
			isa = XCBuildConfiguration;
			buildSettings = {
				COMBINE_HIDPI_IMAGES = YES;
				INFOPLIST_FILE = "Komikan Quicklook/Info.plist";
				INSTALL_PATH = /Library/QuickLook;
				PRODUCT_BUNDLE_IDENTIFIER = "drabweb.Komikan-Quicklook";
				PRODUCT_NAME = "$(TARGET_NAME)";
				WRAPPER_EXTENSION = qlgenerator;
			};
			name = Debug;
		};
		5D84473B1C8B891F008D0337 /* Release */ = {
			isa = XCBuildConfiguration;
			buildSettings = {
				COMBINE_HIDPI_IMAGES = YES;
				INFOPLIST_FILE = "Komikan Quicklook/Info.plist";
				INSTALL_PATH = /Library/QuickLook;
				PRODUCT_BUNDLE_IDENTIFIER = "drabweb.Komikan-Quicklook";
				PRODUCT_NAME = "$(TARGET_NAME)";
				WRAPPER_EXTENSION = qlgenerator;
			};
			name = Release;
		};
/* End XCBuildConfiguration section */

/* Begin XCConfigurationList section */
		5D5DBEC61C3584F5004D8C5D /* Build configuration list for PBXProject "Komikan" */ = {
			isa = XCConfigurationList;
			buildConfigurations = (
				5D5DBEEE1C3584F5004D8C5D /* Debug */,
				5D5DBEEF1C3584F5004D8C5D /* Release */,
			);
			defaultConfigurationIsVisible = 0;
			defaultConfigurationName = Release;
		};
		5D5DBEF01C3584F5004D8C5D /* Build configuration list for PBXNativeTarget "Komikan" */ = {
			isa = XCConfigurationList;
			buildConfigurations = (
				5D5DBEF11C3584F5004D8C5D /* Debug */,
				5D5DBEF21C3584F5004D8C5D /* Release */,
			);
			defaultConfigurationIsVisible = 0;
			defaultConfigurationName = Release;
		};
		5D5DBEF31C3584F5004D8C5D /* Build configuration list for PBXNativeTarget "KomikanTests" */ = {
			isa = XCConfigurationList;
			buildConfigurations = (
				5D5DBEF41C3584F5004D8C5D /* Debug */,
				5D5DBEF51C3584F5004D8C5D /* Release */,
			);
			defaultConfigurationIsVisible = 0;
			defaultConfigurationName = Release;
		};
		5D5DBEF61C3584F5004D8C5D /* Build configuration list for PBXNativeTarget "KomikanUITests" */ = {
			isa = XCConfigurationList;
			buildConfigurations = (
				5D5DBEF71C3584F5004D8C5D /* Debug */,
				5D5DBEF81C3584F5004D8C5D /* Release */,
			);
			defaultConfigurationIsVisible = 0;
			defaultConfigurationName = Release;
		};
		5D84473C1C8B891F008D0337 /* Build configuration list for PBXNativeTarget "Komikan Quicklook" */ = {
			isa = XCConfigurationList;
			buildConfigurations = (
				5D84473A1C8B891F008D0337 /* Debug */,
				5D84473B1C8B891F008D0337 /* Release */,
			);
			defaultConfigurationIsVisible = 0;
			defaultConfigurationName = Release;
		};
/* End XCConfigurationList section */
	};
	rootObject = 5D5DBEC31C3584F5004D8C5D /* Project object */;
}
