// !$*UTF8*$!
{
	archiveVersion = 1;
	classes = {
	};
	objectVersion = 46;
	objects = {

/* Begin PBXBuildFile section */
		5D0D2A4C1C39830D00E3B8D0 /* KMManga.swift in Sources */ = {isa = PBXBuildFile; fileRef = 5D0D2A4B1C39830D00E3B8D0 /* KMManga.swift */; settings = {ASSET_TAGS = (); }; };
		5D1388CC1C3836C200B5EAAD /* KMReaderPanelView.swift in Sources */ = {isa = PBXBuildFile; fileRef = 5D1388CB1C3836C200B5EAAD /* KMReaderPanelView.swift */; settings = {ASSET_TAGS = (); }; };
		5D5DBECF1C3584F5004D8C5D /* AppDelegate.swift in Sources */ = {isa = PBXBuildFile; fileRef = 5D5DBECE1C3584F5004D8C5D /* AppDelegate.swift */; };
		5D5DBED11C3584F5004D8C5D /* ViewController.swift in Sources */ = {isa = PBXBuildFile; fileRef = 5D5DBED01C3584F5004D8C5D /* ViewController.swift */; };
		5D5DBED31C3584F5004D8C5D /* Assets.xcassets in Resources */ = {isa = PBXBuildFile; fileRef = 5D5DBED21C3584F5004D8C5D /* Assets.xcassets */; };
		5D5DBED61C3584F5004D8C5D /* Main.storyboard in Resources */ = {isa = PBXBuildFile; fileRef = 5D5DBED41C3584F5004D8C5D /* Main.storyboard */; };
		5D5DBEE11C3584F5004D8C5D /* KomikanTests.swift in Sources */ = {isa = PBXBuildFile; fileRef = 5D5DBEE01C3584F5004D8C5D /* KomikanTests.swift */; };
		5D5DBEEC1C3584F5004D8C5D /* KomikanUITests.swift in Sources */ = {isa = PBXBuildFile; fileRef = 5D5DBEEB1C3584F5004D8C5D /* KomikanUITests.swift */; };
		5D5DBEFA1C358BD3004D8C5D /* KMMangaGridItem.swift in Sources */ = {isa = PBXBuildFile; fileRef = 5D5DBEF91C358BD3004D8C5D /* KMMangaGridItem.swift */; settings = {ASSET_TAGS = (); }; };
		5D5DBEFC1C358BE0004D8C5D /* KMMangaGridController.swift in Sources */ = {isa = PBXBuildFile; fileRef = 5D5DBEFB1C358BE0004D8C5D /* KMMangaGridController.swift */; settings = {ASSET_TAGS = (); }; };
		5D5DBF021C35923F004D8C5D /* KMReaderViewController.swift in Sources */ = {isa = PBXBuildFile; fileRef = 5D5DBF011C35923F004D8C5D /* KMReaderViewController.swift */; settings = {ASSET_TAGS = (); }; };
		5DBB0DFF1C36DA0000495985 /* KMFileUtilities.swift in Sources */ = {isa = PBXBuildFile; fileRef = 5DBB0DFE1C36DA0000495985 /* KMFileUtilities.swift */; settings = {ASSET_TAGS = (); }; };
		EAB1D1094B8F846BBC4E817B /* libPods-Komikan.a in Frameworks */ = {isa = PBXBuildFile; fileRef = F5E156E51E568758DF0A8884 /* libPods-Komikan.a */; };
/* End PBXBuildFile section */

/* Begin PBXContainerItemProxy section */
		5D5DBEDD1C3584F5004D8C5D /* PBXContainerItemProxy */ = {
			isa = PBXContainerItemProxy;
			containerPortal = 5D5DBEC31C3584F5004D8C5D /* Project object */;
			proxyType = 1;
			remoteGlobalIDString = 5D5DBECA1C3584F5004D8C5D;
			remoteInfo = Komikan;
		};
		5D5DBEE81C3584F5004D8C5D /* PBXContainerItemProxy */ = {
			isa = PBXContainerItemProxy;
			containerPortal = 5D5DBEC31C3584F5004D8C5D /* Project object */;
			proxyType = 1;
			remoteGlobalIDString = 5D5DBECA1C3584F5004D8C5D;
			remoteInfo = Komikan;
		};
/* End PBXContainerItemProxy section */

/* Begin PBXFileReference section */
		5D0D2A4B1C39830D00E3B8D0 /* KMManga.swift */ = {isa = PBXFileReference; fileEncoding = 4; lastKnownFileType = sourcecode.swift; path = KMManga.swift; sourceTree = "<group>"; };
		5D1388CB1C3836C200B5EAAD /* KMReaderPanelView.swift */ = {isa = PBXFileReference; fileEncoding = 4; lastKnownFileType = sourcecode.swift; path = KMReaderPanelView.swift; sourceTree = "<group>"; };
		5D5DBECB1C3584F5004D8C5D /* Komikan.app */ = {isa = PBXFileReference; explicitFileType = wrapper.application; includeInIndex = 0; path = Komikan.app; sourceTree = BUILT_PRODUCTS_DIR; };
		5D5DBECE1C3584F5004D8C5D /* AppDelegate.swift */ = {isa = PBXFileReference; lastKnownFileType = sourcecode.swift; path = AppDelegate.swift; sourceTree = "<group>"; };
		5D5DBED01C3584F5004D8C5D /* ViewController.swift */ = {isa = PBXFileReference; lastKnownFileType = sourcecode.swift; path = ViewController.swift; sourceTree = "<group>"; };
		5D5DBED21C3584F5004D8C5D /* Assets.xcassets */ = {isa = PBXFileReference; lastKnownFileType = folder.assetcatalog; path = Assets.xcassets; sourceTree = "<group>"; };
		5D5DBED51C3584F5004D8C5D /* Base */ = {isa = PBXFileReference; lastKnownFileType = file.storyboard; name = Base; path = Base.lproj/Main.storyboard; sourceTree = "<group>"; };
		5D5DBED71C3584F5004D8C5D /* Info.plist */ = {isa = PBXFileReference; lastKnownFileType = text.plist.xml; path = Info.plist; sourceTree = "<group>"; };
		5D5DBEDC1C3584F5004D8C5D /* KomikanTests.xctest */ = {isa = PBXFileReference; explicitFileType = wrapper.cfbundle; includeInIndex = 0; path = KomikanTests.xctest; sourceTree = BUILT_PRODUCTS_DIR; };
		5D5DBEE01C3584F5004D8C5D /* KomikanTests.swift */ = {isa = PBXFileReference; lastKnownFileType = sourcecode.swift; path = KomikanTests.swift; sourceTree = "<group>"; };
		5D5DBEE21C3584F5004D8C5D /* Info.plist */ = {isa = PBXFileReference; lastKnownFileType = text.plist.xml; path = Info.plist; sourceTree = "<group>"; };
		5D5DBEE71C3584F5004D8C5D /* KomikanUITests.xctest */ = {isa = PBXFileReference; explicitFileType = wrapper.cfbundle; includeInIndex = 0; path = KomikanUITests.xctest; sourceTree = BUILT_PRODUCTS_DIR; };
		5D5DBEEB1C3584F5004D8C5D /* KomikanUITests.swift */ = {isa = PBXFileReference; lastKnownFileType = sourcecode.swift; path = KomikanUITests.swift; sourceTree = "<group>"; };
		5D5DBEED1C3584F5004D8C5D /* Info.plist */ = {isa = PBXFileReference; lastKnownFileType = text.plist.xml; path = Info.plist; sourceTree = "<group>"; };
		5D5DBEF91C358BD3004D8C5D /* KMMangaGridItem.swift */ = {isa = PBXFileReference; fileEncoding = 4; lastKnownFileType = sourcecode.swift; path = KMMangaGridItem.swift; sourceTree = "<group>"; };
		5D5DBEFB1C358BE0004D8C5D /* KMMangaGridController.swift */ = {isa = PBXFileReference; fileEncoding = 4; lastKnownFileType = sourcecode.swift; path = KMMangaGridController.swift; sourceTree = "<group>"; };
		5D5DBF011C35923F004D8C5D /* KMReaderViewController.swift */ = {isa = PBXFileReference; fileEncoding = 4; lastKnownFileType = sourcecode.swift; path = KMReaderViewController.swift; sourceTree = "<group>"; };
		5DBB0DFE1C36DA0000495985 /* KMFileUtilities.swift */ = {isa = PBXFileReference; fileEncoding = 4; lastKnownFileType = sourcecode.swift; path = KMFileUtilities.swift; sourceTree = "<group>"; };
		5DBB0E061C36E2C700495985 /* Komikan-Bridging-Header.h */ = {isa = PBXFileReference; lastKnownFileType = sourcecode.c.h; path = "Komikan-Bridging-Header.h"; sourceTree = "<group>"; };
		B086CA4387890A79C8FD3E35 /* Pods-Komikan.release.xcconfig */ = {isa = PBXFileReference; includeInIndex = 1; lastKnownFileType = text.xcconfig; name = "Pods-Komikan.release.xcconfig"; path = "Pods/Target Support Files/Pods-Komikan/Pods-Komikan.release.xcconfig"; sourceTree = "<group>"; };
		CB22335385156945A0ABCB06 /* Pods-Komikan.debug.xcconfig */ = {isa = PBXFileReference; includeInIndex = 1; lastKnownFileType = text.xcconfig; name = "Pods-Komikan.debug.xcconfig"; path = "Pods/Target Support Files/Pods-Komikan/Pods-Komikan.debug.xcconfig"; sourceTree = "<group>"; };
		F5E156E51E568758DF0A8884 /* libPods-Komikan.a */ = {isa = PBXFileReference; explicitFileType = archive.ar; includeInIndex = 0; path = "libPods-Komikan.a"; sourceTree = BUILT_PRODUCTS_DIR; };
/* End PBXFileReference section */

/* Begin PBXFrameworksBuildPhase section */
		5D5DBEC81C3584F5004D8C5D /* Frameworks */ = {
			isa = PBXFrameworksBuildPhase;
			buildActionMask = 2147483647;
			files = (
				EAB1D1094B8F846BBC4E817B /* libPods-Komikan.a in Frameworks */,
			);
			runOnlyForDeploymentPostprocessing = 0;
		};
		5D5DBED91C3584F5004D8C5D /* Frameworks */ = {
			isa = PBXFrameworksBuildPhase;
			buildActionMask = 2147483647;
			files = (
			);
			runOnlyForDeploymentPostprocessing = 0;
		};
		5D5DBEE41C3584F5004D8C5D /* Frameworks */ = {
			isa = PBXFrameworksBuildPhase;
			buildActionMask = 2147483647;
			files = (
			);
			runOnlyForDeploymentPostprocessing = 0;
		};
/* End PBXFrameworksBuildPhase section */

/* Begin PBXGroup section */
		5D0D2A4A1C39830000E3B8D0 /* Objects */ = {
			isa = PBXGroup;
			children = (
				5D0D2A4B1C39830D00E3B8D0 /* KMManga.swift */,
			);
			name = Objects;
			sourceTree = "<group>";
		};
		5D1388CF1C384A2300B5EAAD /* Reader */ = {
			isa = PBXGroup;
			children = (
				5D5DBF011C35923F004D8C5D /* KMReaderViewController.swift */,
				5D1388CB1C3836C200B5EAAD /* KMReaderPanelView.swift */,
			);
			name = Reader;
			sourceTree = "<group>";
		};
		5D5A11771C370EDC00C7A6A5 /* Manga Grid */ = {
			isa = PBXGroup;
			children = (
				5D5DBEF91C358BD3004D8C5D /* KMMangaGridItem.swift */,
				5D5DBEFB1C358BE0004D8C5D /* KMMangaGridController.swift */,
			);
			name = "Manga Grid";
			sourceTree = "<group>";
		};
		5D5DBEC21C3584F5004D8C5D = {
			isa = PBXGroup;
			children = (
				5D5DBECD1C3584F5004D8C5D /* Komikan */,
				5D5DBEDF1C3584F5004D8C5D /* KomikanTests */,
				5D5DBEEA1C3584F5004D8C5D /* KomikanUITests */,
				5D5DBECC1C3584F5004D8C5D /* Products */,
				DFB5AF07552EBB28896A006B /* Pods */,
				66B68D79869D1A6E84FB159B /* Frameworks */,
			);
			sourceTree = "<group>";
		};
		5D5DBECC1C3584F5004D8C5D /* Products */ = {
			isa = PBXGroup;
			children = (
				5D5DBECB1C3584F5004D8C5D /* Komikan.app */,
				5D5DBEDC1C3584F5004D8C5D /* KomikanTests.xctest */,
				5D5DBEE71C3584F5004D8C5D /* KomikanUITests.xctest */,
			);
			name = Products;
			sourceTree = "<group>";
		};
		5D5DBECD1C3584F5004D8C5D /* Komikan */ = {
			isa = PBXGroup;
			children = (
				5D5DBECE1C3584F5004D8C5D /* AppDelegate.swift */,
				5D5DBED01C3584F5004D8C5D /* ViewController.swift */,
				5D5DBEFE1C35914E004D8C5D /* Storyboards */,
				5D0D2A4A1C39830000E3B8D0 /* Objects */,
				5DBB0DFD1C36D9E400495985 /* Utilities */,
				5D5DBEFD1C35913F004D8C5D /* View Managers */,
				5DBB0E091C36E2D500495985 /* Objective-C */,
				5D5DBED21C3584F5004D8C5D /* Assets.xcassets */,
				5D5DBED71C3584F5004D8C5D /* Info.plist */,
			);
			path = Komikan;
			sourceTree = "<group>";
		};
		5D5DBEDF1C3584F5004D8C5D /* KomikanTests */ = {
			isa = PBXGroup;
			children = (
				5D5DBEE01C3584F5004D8C5D /* KomikanTests.swift */,
				5D5DBEE21C3584F5004D8C5D /* Info.plist */,
			);
			path = KomikanTests;
			sourceTree = "<group>";
		};
		5D5DBEEA1C3584F5004D8C5D /* KomikanUITests */ = {
			isa = PBXGroup;
			children = (
				5D5DBEEB1C3584F5004D8C5D /* KomikanUITests.swift */,
				5D5DBEED1C3584F5004D8C5D /* Info.plist */,
			);
			path = KomikanUITests;
			sourceTree = "<group>";
		};
		5D5DBEFD1C35913F004D8C5D /* View Managers */ = {
			isa = PBXGroup;
			children = (
				5D1388CF1C384A2300B5EAAD /* Reader */,
				5D5A11771C370EDC00C7A6A5 /* Manga Grid */,
			);
			name = "View Managers";
			sourceTree = "<group>";
		};
		5D5DBEFE1C35914E004D8C5D /* Storyboards */ = {
			isa = PBXGroup;
			children = (
				5D5DBED41C3584F5004D8C5D /* Main.storyboard */,
			);
			name = Storyboards;
			sourceTree = "<group>";
		};
		5DBB0DFD1C36D9E400495985 /* Utilities */ = {
			isa = PBXGroup;
			children = (
				5DBB0DFE1C36DA0000495985 /* KMFileUtilities.swift */,
			);
			name = Utilities;
			sourceTree = "<group>";
		};
		5DBB0E091C36E2D500495985 /* Objective-C */ = {
			isa = PBXGroup;
			children = (
				5DBB0E061C36E2C700495985 /* Komikan-Bridging-Header.h */,
			);
			name = "Objective-C";
			sourceTree = "<group>";
		};
		66B68D79869D1A6E84FB159B /* Frameworks */ = {
			isa = PBXGroup;
			children = (
				F5E156E51E568758DF0A8884 /* libPods-Komikan.a */,
			);
			name = Frameworks;
			sourceTree = "<group>";
		};
		DFB5AF07552EBB28896A006B /* Pods */ = {
			isa = PBXGroup;
			children = (
				CB22335385156945A0ABCB06 /* Pods-Komikan.debug.xcconfig */,
				B086CA4387890A79C8FD3E35 /* Pods-Komikan.release.xcconfig */,
			);
			name = Pods;
			sourceTree = "<group>";
		};
/* End PBXGroup section */

/* Begin PBXNativeTarget section */
		5D5DBECA1C3584F5004D8C5D /* Komikan */ = {
			isa = PBXNativeTarget;
			buildConfigurationList = 5D5DBEF01C3584F5004D8C5D /* Build configuration list for PBXNativeTarget "Komikan" */;
			buildPhases = (
				80387E2EBE34800A09D34490 /* Check Pods Manifest.lock */,
				5D5DBEC71C3584F5004D8C5D /* Sources */,
				5D5DBEC81C3584F5004D8C5D /* Frameworks */,
				5D5DBEC91C3584F5004D8C5D /* Resources */,
				04D991387765BEF37DEB3178 /* Embed Pods Frameworks */,
				690F17290B7B5E14B42AF418 /* Copy Pods Resources */,
			);
			buildRules = (
			);
			dependencies = (
			);
			name = Komikan;
			productName = Komikan;
			productReference = 5D5DBECB1C3584F5004D8C5D /* Komikan.app */;
			productType = "com.apple.product-type.application";
		};
		5D5DBEDB1C3584F5004D8C5D /* KomikanTests */ = {
			isa = PBXNativeTarget;
			buildConfigurationList = 5D5DBEF31C3584F5004D8C5D /* Build configuration list for PBXNativeTarget "KomikanTests" */;
			buildPhases = (
				5D5DBED81C3584F5004D8C5D /* Sources */,
				5D5DBED91C3584F5004D8C5D /* Frameworks */,
				5D5DBEDA1C3584F5004D8C5D /* Resources */,
			);
			buildRules = (
			);
			dependencies = (
				5D5DBEDE1C3584F5004D8C5D /* PBXTargetDependency */,
			);
			name = KomikanTests;
			productName = KomikanTests;
			productReference = 5D5DBEDC1C3584F5004D8C5D /* KomikanTests.xctest */;
			productType = "com.apple.product-type.bundle.unit-test";
		};
		5D5DBEE61C3584F5004D8C5D /* KomikanUITests */ = {
			isa = PBXNativeTarget;
			buildConfigurationList = 5D5DBEF61C3584F5004D8C5D /* Build configuration list for PBXNativeTarget "KomikanUITests" */;
			buildPhases = (
				5D5DBEE31C3584F5004D8C5D /* Sources */,
				5D5DBEE41C3584F5004D8C5D /* Frameworks */,
				5D5DBEE51C3584F5004D8C5D /* Resources */,
			);
			buildRules = (
			);
			dependencies = (
				5D5DBEE91C3584F5004D8C5D /* PBXTargetDependency */,
			);
			name = KomikanUITests;
			productName = KomikanUITests;
			productReference = 5D5DBEE71C3584F5004D8C5D /* KomikanUITests.xctest */;
			productType = "com.apple.product-type.bundle.ui-testing";
		};
/* End PBXNativeTarget section */

/* Begin PBXProject section */
		5D5DBEC31C3584F5004D8C5D /* Project object */ = {
			isa = PBXProject;
			attributes = {
				LastSwiftUpdateCheck = 0700;
				LastUpgradeCheck = 0700;
				ORGANIZATIONNAME = DrabWeb;
				TargetAttributes = {
					5D5DBECA1C3584F5004D8C5D = {
						CreatedOnToolsVersion = 7.0.1;
					};
					5D5DBEDB1C3584F5004D8C5D = {
						CreatedOnToolsVersion = 7.0.1;
						TestTargetID = 5D5DBECA1C3584F5004D8C5D;
					};
					5D5DBEE61C3584F5004D8C5D = {
						CreatedOnToolsVersion = 7.0.1;
						TestTargetID = 5D5DBECA1C3584F5004D8C5D;
					};
				};
			};
			buildConfigurationList = 5D5DBEC61C3584F5004D8C5D /* Build configuration list for PBXProject "Komikan" */;
			compatibilityVersion = "Xcode 3.2";
			developmentRegion = English;
			hasScannedForEncodings = 0;
			knownRegions = (
				en,
				Base,
			);
			mainGroup = 5D5DBEC21C3584F5004D8C5D;
			productRefGroup = 5D5DBECC1C3584F5004D8C5D /* Products */;
			projectDirPath = "";
			projectRoot = "";
			targets = (
				5D5DBECA1C3584F5004D8C5D /* Komikan */,
				5D5DBEDB1C3584F5004D8C5D /* KomikanTests */,
				5D5DBEE61C3584F5004D8C5D /* KomikanUITests */,
			);
		};
/* End PBXProject section */

/* Begin PBXResourcesBuildPhase section */
		5D5DBEC91C3584F5004D8C5D /* Resources */ = {
			isa = PBXResourcesBuildPhase;
			buildActionMask = 2147483647;
			files = (
				5D5DBED31C3584F5004D8C5D /* Assets.xcassets in Resources */,
				5D5DBED61C3584F5004D8C5D /* Main.storyboard in Resources */,
			);
			runOnlyForDeploymentPostprocessing = 0;
		};
		5D5DBEDA1C3584F5004D8C5D /* Resources */ = {
			isa = PBXResourcesBuildPhase;
			buildActionMask = 2147483647;
			files = (
			);
			runOnlyForDeploymentPostprocessing = 0;
		};
		5D5DBEE51C3584F5004D8C5D /* Resources */ = {
			isa = PBXResourcesBuildPhase;
			buildActionMask = 2147483647;
			files = (
			);
			runOnlyForDeploymentPostprocessing = 0;
		};
/* End PBXResourcesBuildPhase section */

/* Begin PBXShellScriptBuildPhase section */
		04D991387765BEF37DEB3178 /* Embed Pods Frameworks */ = {
			isa = PBXShellScriptBuildPhase;
			buildActionMask = 2147483647;
			files = (
			);
			inputPaths = (
			);
			name = "Embed Pods Frameworks";
			outputPaths = (
			);
			runOnlyForDeploymentPostprocessing = 0;
			shellPath = /bin/sh;
			shellScript = "\"${SRCROOT}/Pods/Target Support Files/Pods-Komikan/Pods-Komikan-frameworks.sh\"\n";
			showEnvVarsInLog = 0;
		};
		690F17290B7B5E14B42AF418 /* Copy Pods Resources */ = {
			isa = PBXShellScriptBuildPhase;
			buildActionMask = 2147483647;
			files = (
			);
			inputPaths = (
			);
			name = "Copy Pods Resources";
			outputPaths = (
			);
			runOnlyForDeploymentPostprocessing = 0;
			shellPath = /bin/sh;
			shellScript = "\"${SRCROOT}/Pods/Target Support Files/Pods-Komikan/Pods-Komikan-resources.sh\"\n";
			showEnvVarsInLog = 0;
		};
		80387E2EBE34800A09D34490 /* Check Pods Manifest.lock */ = {
			isa = PBXShellScriptBuildPhase;
			buildActionMask = 2147483647;
			files = (
			);
			inputPaths = (
			);
			name = "Check Pods Manifest.lock";
			outputPaths = (
			);
			runOnlyForDeploymentPostprocessing = 0;
			shellPath = /bin/sh;
			shellScript = "diff \"${PODS_ROOT}/../Podfile.lock\" \"${PODS_ROOT}/Manifest.lock\" > /dev/null\nif [[ $? != 0 ]] ; then\n    cat << EOM\nerror: The sandbox is not in sync with the Podfile.lock. Run 'pod install' or update your CocoaPods installation.\nEOM\n    exit 1\nfi\n";
			showEnvVarsInLog = 0;
		};
/* End PBXShellScriptBuildPhase section */

/* Begin PBXSourcesBuildPhase section */
		5D5DBEC71C3584F5004D8C5D /* Sources */ = {
			isa = PBXSourcesBuildPhase;
			buildActionMask = 2147483647;
			files = (
				5D5DBEFC1C358BE0004D8C5D /* KMMangaGridController.swift in Sources */,
				5D5DBF021C35923F004D8C5D /* KMReaderViewController.swift in Sources */,
				5D1388CC1C3836C200B5EAAD /* KMReaderPanelView.swift in Sources */,
				5D5DBEFA1C358BD3004D8C5D /* KMMangaGridItem.swift in Sources */,
				5D0D2A4C1C39830D00E3B8D0 /* KMManga.swift in Sources */,
				5D5DBED11C3584F5004D8C5D /* ViewController.swift in Sources */,
				5DBB0DFF1C36DA0000495985 /* KMFileUtilities.swift in Sources */,
				5D5DBECF1C3584F5004D8C5D /* AppDelegate.swift in Sources */,
			);
			runOnlyForDeploymentPostprocessing = 0;
		};
		5D5DBED81C3584F5004D8C5D /* Sources */ = {
			isa = PBXSourcesBuildPhase;
			buildActionMask = 2147483647;
			files = (
				5D5DBEE11C3584F5004D8C5D /* KomikanTests.swift in Sources */,
			);
			runOnlyForDeploymentPostprocessing = 0;
		};
		5D5DBEE31C3584F5004D8C5D /* Sources */ = {
			isa = PBXSourcesBuildPhase;
			buildActionMask = 2147483647;
			files = (
				5D5DBEEC1C3584F5004D8C5D /* KomikanUITests.swift in Sources */,
			);
			runOnlyForDeploymentPostprocessing = 0;
		};
/* End PBXSourcesBuildPhase section */

/* Begin PBXTargetDependency section */
		5D5DBEDE1C3584F5004D8C5D /* PBXTargetDependency */ = {
			isa = PBXTargetDependency;
			target = 5D5DBECA1C3584F5004D8C5D /* Komikan */;
			targetProxy = 5D5DBEDD1C3584F5004D8C5D /* PBXContainerItemProxy */;
		};
		5D5DBEE91C3584F5004D8C5D /* PBXTargetDependency */ = {
			isa = PBXTargetDependency;
			target = 5D5DBECA1C3584F5004D8C5D /* Komikan */;
			targetProxy = 5D5DBEE81C3584F5004D8C5D /* PBXContainerItemProxy */;
		};
/* End PBXTargetDependency section */

/* Begin PBXVariantGroup section */
		5D5DBED41C3584F5004D8C5D /* Main.storyboard */ = {
			isa = PBXVariantGroup;
			children = (
				5D5DBED51C3584F5004D8C5D /* Base */,
			);
			name = Main.storyboard;
			sourceTree = "<group>";
		};
/* End PBXVariantGroup section */

/* Begin XCBuildConfiguration section */
		5D5DBEEE1C3584F5004D8C5D /* Debug */ = {
			isa = XCBuildConfiguration;
			buildSettings = {
				ALWAYS_SEARCH_USER_PATHS = NO;
				CLANG_CXX_LANGUAGE_STANDARD = "gnu++0x";
				CLANG_CXX_LIBRARY = "libc++";
				CLANG_ENABLE_MODULES = YES;
				CLANG_ENABLE_OBJC_ARC = YES;
				CLANG_WARN_BOOL_CONVERSION = YES;
				CLANG_WARN_CONSTANT_CONVERSION = YES;
				CLANG_WARN_DIRECT_OBJC_ISA_USAGE = YES_ERROR;
				CLANG_WARN_EMPTY_BODY = YES;
				CLANG_WARN_ENUM_CONVERSION = YES;
				CLANG_WARN_INT_CONVERSION = YES;
				CLANG_WARN_OBJC_ROOT_CLASS = YES_ERROR;
				CLANG_WARN_UNREACHABLE_CODE = YES;
				CLANG_WARN__DUPLICATE_METHOD_MATCH = YES;
				CODE_SIGN_IDENTITY = "-";
				COPY_PHASE_STRIP = NO;
				DEBUG_INFORMATION_FORMAT = dwarf;
				ENABLE_STRICT_OBJC_MSGSEND = YES;
				ENABLE_TESTABILITY = YES;
				GCC_C_LANGUAGE_STANDARD = gnu99;
				GCC_DYNAMIC_NO_PIC = NO;
				GCC_NO_COMMON_BLOCKS = YES;
				GCC_OPTIMIZATION_LEVEL = 0;
				GCC_PREPROCESSOR_DEFINITIONS = (
					"DEBUG=1",
					"$(inherited)",
				);
				GCC_WARN_64_TO_32_BIT_CONVERSION = YES;
				GCC_WARN_ABOUT_RETURN_TYPE = YES_ERROR;
				GCC_WARN_UNDECLARED_SELECTOR = YES;
				GCC_WARN_UNINITIALIZED_AUTOS = YES_AGGRESSIVE;
				GCC_WARN_UNUSED_FUNCTION = YES;
				GCC_WARN_UNUSED_VARIABLE = YES;
				MACOSX_DEPLOYMENT_TARGET = 10.11;
				MTL_ENABLE_DEBUG_INFO = YES;
				ONLY_ACTIVE_ARCH = YES;
				SDKROOT = macosx;
				SWIFT_OPTIMIZATION_LEVEL = "-Onone";
			};
			name = Debug;
		};
		5D5DBEEF1C3584F5004D8C5D /* Release */ = {
			isa = XCBuildConfiguration;
			buildSettings = {
				ALWAYS_SEARCH_USER_PATHS = NO;
				CLANG_CXX_LANGUAGE_STANDARD = "gnu++0x";
				CLANG_CXX_LIBRARY = "libc++";
				CLANG_ENABLE_MODULES = YES;
				CLANG_ENABLE_OBJC_ARC = YES;
				CLANG_WARN_BOOL_CONVERSION = YES;
				CLANG_WARN_CONSTANT_CONVERSION = YES;
				CLANG_WARN_DIRECT_OBJC_ISA_USAGE = YES_ERROR;
				CLANG_WARN_EMPTY_BODY = YES;
				CLANG_WARN_ENUM_CONVERSION = YES;
				CLANG_WARN_INT_CONVERSION = YES;
				CLANG_WARN_OBJC_ROOT_CLASS = YES_ERROR;
				CLANG_WARN_UNREACHABLE_CODE = YES;
				CLANG_WARN__DUPLICATE_METHOD_MATCH = YES;
				CODE_SIGN_IDENTITY = "-";
				COPY_PHASE_STRIP = NO;
				DEBUG_INFORMATION_FORMAT = "dwarf-with-dsym";
				ENABLE_NS_ASSERTIONS = NO;
				ENABLE_STRICT_OBJC_MSGSEND = YES;
				GCC_C_LANGUAGE_STANDARD = gnu99;
				GCC_NO_COMMON_BLOCKS = YES;
				GCC_WARN_64_TO_32_BIT_CONVERSION = YES;
				GCC_WARN_ABOUT_RETURN_TYPE = YES_ERROR;
				GCC_WARN_UNDECLARED_SELECTOR = YES;
				GCC_WARN_UNINITIALIZED_AUTOS = YES_AGGRESSIVE;
				GCC_WARN_UNUSED_FUNCTION = YES;
				GCC_WARN_UNUSED_VARIABLE = YES;
				MACOSX_DEPLOYMENT_TARGET = 10.11;
				MTL_ENABLE_DEBUG_INFO = NO;
				SDKROOT = macosx;
			};
			name = Release;
		};
		5D5DBEF11C3584F5004D8C5D /* Debug */ = {
			isa = XCBuildConfiguration;
			baseConfigurationReference = CB22335385156945A0ABCB06 /* Pods-Komikan.debug.xcconfig */;
			buildSettings = {
				ASSETCATALOG_COMPILER_APPICON_NAME = AppIcon;
				CLANG_ENABLE_MODULES = YES;
				COMBINE_HIDPI_IMAGES = YES;
				INFOPLIST_FILE = Komikan/Info.plist;
				LD_RUNPATH_SEARCH_PATHS = "$(inherited) @executable_path/../Frameworks";
				PRODUCT_BUNDLE_IDENTIFIER = drabweb.Komikan;
				PRODUCT_NAME = "$(TARGET_NAME)";
				SWIFT_OBJC_BRIDGING_HEADER = "Komikan/Komikan-Bridging-Header.h";
				SWIFT_OPTIMIZATION_LEVEL = "-Onone";
			};
			name = Debug;
		};
		5D5DBEF21C3584F5004D8C5D /* Release */ = {
			isa = XCBuildConfiguration;
			baseConfigurationReference = B086CA4387890A79C8FD3E35 /* Pods-Komikan.release.xcconfig */;
			buildSettings = {
				ASSETCATALOG_COMPILER_APPICON_NAME = AppIcon;
				CLANG_ENABLE_MODULES = YES;
				COMBINE_HIDPI_IMAGES = YES;
				INFOPLIST_FILE = Komikan/Info.plist;
				LD_RUNPATH_SEARCH_PATHS = "$(inherited) @executable_path/../Frameworks";
				PRODUCT_BUNDLE_IDENTIFIER = drabweb.Komikan;
				PRODUCT_NAME = "$(TARGET_NAME)";
				SWIFT_OBJC_BRIDGING_HEADER = "Komikan/Komikan-Bridging-Header.h";
			};
			name = Release;
		};
		5D5DBEF41C3584F5004D8C5D /* Debug */ = {
			isa = XCBuildConfiguration;
			buildSettings = {
				BUNDLE_LOADER = "$(TEST_HOST)";
				COMBINE_HIDPI_IMAGES = YES;
				INFOPLIST_FILE = KomikanTests/Info.plist;
				LD_RUNPATH_SEARCH_PATHS = "$(inherited) @executable_path/../Frameworks @loader_path/../Frameworks";
				PRODUCT_BUNDLE_IDENTIFIER = drabweb.KomikanTests;
				PRODUCT_NAME = "$(TARGET_NAME)";
				TEST_HOST = "$(BUILT_PRODUCTS_DIR)/Komikan.app/Contents/MacOS/Komikan";
			};
			name = Debug;
		};
		5D5DBEF51C3584F5004D8C5D /* Release */ = {
			isa = XCBuildConfiguration;
			buildSettings = {
				BUNDLE_LOADER = "$(TEST_HOST)";
				COMBINE_HIDPI_IMAGES = YES;
				INFOPLIST_FILE = KomikanTests/Info.plist;
				LD_RUNPATH_SEARCH_PATHS = "$(inherited) @executable_path/../Frameworks @loader_path/../Frameworks";
				PRODUCT_BUNDLE_IDENTIFIER = drabweb.KomikanTests;
				PRODUCT_NAME = "$(TARGET_NAME)";
				TEST_HOST = "$(BUILT_PRODUCTS_DIR)/Komikan.app/Contents/MacOS/Komikan";
			};
			name = Release;
		};
		5D5DBEF71C3584F5004D8C5D /* Debug */ = {
			isa = XCBuildConfiguration;
			buildSettings = {
				COMBINE_HIDPI_IMAGES = YES;
				INFOPLIST_FILE = KomikanUITests/Info.plist;
				LD_RUNPATH_SEARCH_PATHS = "$(inherited) @executable_path/../Frameworks @loader_path/../Frameworks";
				PRODUCT_BUNDLE_IDENTIFIER = drabweb.KomikanUITests;
				PRODUCT_NAME = "$(TARGET_NAME)";
				TEST_TARGET_NAME = Komikan;
				USES_XCTRUNNER = YES;
			};
			name = Debug;
		};
		5D5DBEF81C3584F5004D8C5D /* Release */ = {
			isa = XCBuildConfiguration;
			buildSettings = {
				COMBINE_HIDPI_IMAGES = YES;
				INFOPLIST_FILE = KomikanUITests/Info.plist;
				LD_RUNPATH_SEARCH_PATHS = "$(inherited) @executable_path/../Frameworks @loader_path/../Frameworks";
				PRODUCT_BUNDLE_IDENTIFIER = drabweb.KomikanUITests;
				PRODUCT_NAME = "$(TARGET_NAME)";
				TEST_TARGET_NAME = Komikan;
				USES_XCTRUNNER = YES;
			};
			name = Release;
		};
/* End XCBuildConfiguration section */

/* Begin XCConfigurationList section */
		5D5DBEC61C3584F5004D8C5D /* Build configuration list for PBXProject "Komikan" */ = {
			isa = XCConfigurationList;
			buildConfigurations = (
				5D5DBEEE1C3584F5004D8C5D /* Debug */,
				5D5DBEEF1C3584F5004D8C5D /* Release */,
			);
			defaultConfigurationIsVisible = 0;
			defaultConfigurationName = Release;
		};
		5D5DBEF01C3584F5004D8C5D /* Build configuration list for PBXNativeTarget "Komikan" */ = {
			isa = XCConfigurationList;
			buildConfigurations = (
				5D5DBEF11C3584F5004D8C5D /* Debug */,
				5D5DBEF21C3584F5004D8C5D /* Release */,
			);
			defaultConfigurationIsVisible = 0;
			defaultConfigurationName = Release;
		};
		5D5DBEF31C3584F5004D8C5D /* Build configuration list for PBXNativeTarget "KomikanTests" */ = {
			isa = XCConfigurationList;
			buildConfigurations = (
				5D5DBEF41C3584F5004D8C5D /* Debug */,
				5D5DBEF51C3584F5004D8C5D /* Release */,
			);
			defaultConfigurationIsVisible = 0;
			defaultConfigurationName = Release;
		};
		5D5DBEF61C3584F5004D8C5D /* Build configuration list for PBXNativeTarget "KomikanUITests" */ = {
			isa = XCConfigurationList;
			buildConfigurations = (
				5D5DBEF71C3584F5004D8C5D /* Debug */,
				5D5DBEF81C3584F5004D8C5D /* Release */,
			);
			defaultConfigurationIsVisible = 0;
			defaultConfigurationName = Release;
		};
/* End XCConfigurationList section */
	};
	rootObject = 5D5DBEC31C3584F5004D8C5D /* Project object */;
}
